<Project xmlns="http://schemas.microsoft.com/developer/msbuild/2003">
    <PropertyGroup>
        <ProjectGuid>{8E33638F-6A0F-468C-A67F-78F965869114}</ProjectGuid>
        <ProjectVersion>18.2</ProjectVersion>
        <MainSource>FHIRServerTests.dpr</MainSource>
        <Base>True</Base>
        <Config Condition="'$(Config)'==''">Debug</Config>
        <Platform Condition="'$(Platform)'==''">Win64</Platform>
        <TargetedPlatforms>3</TargetedPlatforms>
        <AppType>Console</AppType>
        <FrameworkType>None</FrameworkType>
    </PropertyGroup>
    <PropertyGroup Condition="'$(Config)'=='Base' or '$(Base)'!=''">
        <Base>true</Base>
    </PropertyGroup>
    <PropertyGroup Condition="('$(Platform)'=='Win32' and '$(Base)'=='true') or '$(Base_Win32)'!=''">
        <Base_Win32>true</Base_Win32>
        <CfgParent>Base</CfgParent>
        <Base>true</Base>
    </PropertyGroup>
    <PropertyGroup Condition="('$(Platform)'=='Win64' and '$(Base)'=='true') or '$(Base_Win64)'!=''">
        <Base_Win64>true</Base_Win64>
        <CfgParent>Base</CfgParent>
        <Base>true</Base>
    </PropertyGroup>
    <PropertyGroup Condition="'$(Config)'=='Debug' or '$(Cfg_1)'!=''">
        <Cfg_1>true</Cfg_1>
        <CfgParent>Base</CfgParent>
        <Base>true</Base>
    </PropertyGroup>
    <PropertyGroup Condition="('$(Platform)'=='Win32' and '$(Cfg_1)'=='true') or '$(Cfg_1_Win32)'!=''">
        <Cfg_1_Win32>true</Cfg_1_Win32>
        <CfgParent>Cfg_1</CfgParent>
        <Cfg_1>true</Cfg_1>
        <Base>true</Base>
    </PropertyGroup>
    <PropertyGroup Condition="('$(Platform)'=='Win64' and '$(Cfg_1)'=='true') or '$(Cfg_1_Win64)'!=''">
        <Cfg_1_Win64>true</Cfg_1_Win64>
        <CfgParent>Cfg_1</CfgParent>
        <Cfg_1>true</Cfg_1>
        <Base>true</Base>
    </PropertyGroup>
    <PropertyGroup Condition="'$(Config)'=='Release' or '$(Cfg_2)'!=''">
        <Cfg_2>true</Cfg_2>
        <CfgParent>Base</CfgParent>
        <Base>true</Base>
    </PropertyGroup>
    <PropertyGroup Condition="'$(Base)'!=''">
        <DCC_Define>TESTINSIGHT;$(DCC_Define)</DCC_Define>
        <Icns_MainIcns>$(BDS)\bin\delphi_PROJECTICNS.icns</Icns_MainIcns>
        <SanitizedProjectName>FHIRServerTests</SanitizedProjectName>
        <DCC_Namespace>System;Xml;Data;Datasnap;Web;Soap;$(DCC_Namespace)</DCC_Namespace>
        <DCC_UnitSearchPath>$(DUnitX);$(DCC_UnitSearchPath)</DCC_UnitSearchPath>
        <UsingDelphiRTL>true</UsingDelphiRTL>
        <Icon_MainIcon>$(BDS)\bin\delphi_PROJECTICON.ico</Icon_MainIcon>
        <DCC_DcuOutput>.\$(Platform)\$(Config)</DCC_DcuOutput>
        <DCC_ExeOutput>.\$(Platform)\$(Config)</DCC_ExeOutput>
        <DCC_E>false</DCC_E>
        <DCC_N>false</DCC_N>
        <DCC_S>false</DCC_S>
        <DCC_F>false</DCC_F>
        <DCC_K>false</DCC_K>
    </PropertyGroup>
    <PropertyGroup Condition="'$(Base_Win32)'!=''">
        <DCC_Namespace>Winapi;System.Win;Data.Win;Datasnap.Win;Web.Win;Soap.Win;Xml.Win;Bde;$(DCC_Namespace)</DCC_Namespace>
        <DCC_UsePackage>DBXSqliteDriver;bindcompdbx;IndyIPCommon;RESTComponents;DBXInterBaseDriver;vcl;IndyIPServer;vclactnband;MiscComponents;vclFireDAC;IndySystem;tethering;svnui;dsnapcon;FireDACADSDriver;VirtualTreesR;FireDACMSAccDriver;fmxFireDAC;vclimg;FireDAC;vcltouch;vcldb;bindcompfmx;svn;FireDACSqliteDriver;FireDACPgDriver;inetdb;soaprtl;DbxCommonDriver;FireDACIBDriver;fmx;fmxdae;xmlrtl;soapmidas;fmxobj;vclwinx;rtl;DbxClientDriver;CustomIPTransport;vcldsnap;dbexpress;IndyCore;vclx;bindcomp;appanalytics;dsnap;FireDACCommon;IndyIPClient;bindcompvcl;RESTBackendComponents;VCLRESTComponents;soapserver;dbxcds;VclSmp;adortl;vclie;bindengine;DBXMySQLDriver;CloudService;dsnapxml;FireDACMySQLDriver;dbrtl;inetdbxpress;IndyProtocols;FireDACCommonODBC;FireDACCommonDriver;inet;fmxase;$(DCC_UsePackage)</DCC_UsePackage>
        <VerInfo_Keys>CompanyName=;FileDescription=$(MSBuildProjectName);FileVersion=1.0.0.0;InternalName=;LegalCopyright=;LegalTrademarks=;OriginalFilename=;ProgramID=com.embarcadero.$(MSBuildProjectName);ProductName=$(MSBuildProjectName);ProductVersion=1.0.0.0;Comments=</VerInfo_Keys>
        <VerInfo_Locale>1033</VerInfo_Locale>
        <BT_BuildType>Debug</BT_BuildType>
    </PropertyGroup>
    <PropertyGroup Condition="'$(Base_Win64)'!=''">
        <DCC_Namespace>Winapi;System.Win;Data.Win;Datasnap.Win;Web.Win;Soap.Win;Xml.Win;$(DCC_Namespace)</DCC_Namespace>
        <VerInfo_Locale>1033</VerInfo_Locale>
        <VerInfo_Keys>CompanyName=;FileVersion=1.0.0.0;InternalName=;LegalCopyright=;LegalTrademarks=;OriginalFilename=;ProductVersion=1.0.0.0;Comments=;ProgramID=com.embarcadero.$(ModuleName);FileDescription=$(ModuleName);ProductName=$(ModuleName)</VerInfo_Keys>
        <DCC_UsePackage>DBXSqliteDriver;bindcompdbx;IndyIPCommon;RESTComponents;DBXInterBaseDriver;vcl;IndyIPServer;vclactnband;vclFireDAC;IndySystem;tethering;dsnapcon;FireDACADSDriver;VirtualTreesR;FireDACMSAccDriver;fmxFireDAC;vclimg;FireDAC;vcltouch;vcldb;bindcompfmx;FireDACSqliteDriver;FireDACPgDriver;inetdb;soaprtl;DbxCommonDriver;FireDACIBDriver;fmx;fmxdae;xmlrtl;soapmidas;fmxobj;vclwinx;rtl;DbxClientDriver;CustomIPTransport;vcldsnap;dbexpress;IndyCore;vclx;bindcomp;appanalytics;dsnap;FireDACCommon;IndyIPClient;bindcompvcl;RESTBackendComponents;VCLRESTComponents;soapserver;dbxcds;VclSmp;adortl;vclie;bindengine;DBXMySQLDriver;CloudService;dsnapxml;FireDACMySQLDriver;dbrtl;inetdbxpress;IndyProtocols;FireDACCommonODBC;FireDACCommonDriver;inet;fmxase;$(DCC_UsePackage)</DCC_UsePackage>
    </PropertyGroup>
    <PropertyGroup Condition="'$(Cfg_1)'!=''">
        <DCC_Define>DEBUG;$(DCC_Define)</DCC_Define>
        <DCC_DebugDCUs>true</DCC_DebugDCUs>
        <DCC_Optimize>false</DCC_Optimize>
        <DCC_GenerateStackFrames>true</DCC_GenerateStackFrames>
        <DCC_DebugInfoInExe>true</DCC_DebugInfoInExe>
        <DCC_RemoteDebug>true</DCC_RemoteDebug>
    </PropertyGroup>
    <PropertyGroup Condition="'$(Cfg_1_Win32)'!=''">
        <DCC_DcuOutput>C:\work\com.healthintersections.fhir\scratch\units_3_32</DCC_DcuOutput>
        <DCC_Define>FHIR4;$(DCC_Define)</DCC_Define>
        <DCC_UnitSearchPath>..\Libraries\jcl;$(DCC_UnitSearchPath)</DCC_UnitSearchPath>
        <Manifest_File>(None)</Manifest_File>
        <VerInfo_Locale>1033</VerInfo_Locale>
        <DCC_RemoteDebug>false</DCC_RemoteDebug>
    </PropertyGroup>
    <PropertyGroup Condition="'$(Cfg_1_Win64)'!=''">
        <DCC_TYPEINFO_IMPLICITLY_ADDED>false</DCC_TYPEINFO_IMPLICITLY_ADDED>
        <DCC_SYMBOL_PLATFORM>false</DCC_SYMBOL_PLATFORM>
        <DCC_UNSUPPORTED_CONSTRUCT>false</DCC_UNSUPPORTED_CONSTRUCT>
        <DCC_IntegerOverflowCheck>true</DCC_IntegerOverflowCheck>
        <DCC_RangeChecking>true</DCC_RangeChecking>
        <DCC_DcuOutput>C:\work\com.healthintersections.fhir\scratch\units_3_64</DCC_DcuOutput>
        <DCC_Define>FHIR4;$(DCC_Define)</DCC_Define>
        <DCC_UnitSearchPath>..\Libraries\jcl;$(DCC_UnitSearchPath)</DCC_UnitSearchPath>
        <Manifest_File>(None)</Manifest_File>
        <VerInfo_Locale>1033</VerInfo_Locale>
        <VerInfo_Keys>CompanyName=;FileVersion=1.0.0.0;InternalName=;LegalCopyright=;LegalTrademarks=;OriginalFilename=;ProductVersion=1.0.0.0;Comments=;ProgramID=com.embarcadero.$(MSBuildProjectName);FileDescription=$(MSBuildProjectName);ProductName=$(MSBuildProjectName)</VerInfo_Keys>
        <DCC_ExeOutput>C:\work\fhirserver\tests\Win64\Debug\</DCC_ExeOutput>
    </PropertyGroup>
    <PropertyGroup Condition="'$(Cfg_2)'!=''">
        <DCC_LocalDebugSymbols>false</DCC_LocalDebugSymbols>
        <DCC_Define>RELEASE;$(DCC_Define)</DCC_Define>
        <DCC_SymbolReferenceInfo>0</DCC_SymbolReferenceInfo>
        <DCC_DebugInformation>0</DCC_DebugInformation>
    </PropertyGroup>
    <ItemGroup>
        <DelphiCompile Include="$(MainSource)">
            <MainSource>MainSource</MainSource>
        </DelphiCompile>
        <DCCReference Include="..\Libraries\FMM\FastMM4.pas"/>
        <DCCReference Include="..\Libraries\FMM\FastMM4Messages.pas"/>
        <DCCReference Include="..\server\FHIRRestServer.pas"/>
        <DCCReference Include="..\reference-platform\Support\EncodeSupport.pas"/>
        <DCCReference Include="..\reference-platform\Support\StringSupport.pas"/>
        <DCCReference Include="..\reference-platform\Support\MathSupport.pas"/>
        <DCCReference Include="..\reference-platform\Support\SystemSupport.pas"/>
        <DCCReference Include="..\reference-platform\Support\DateSupport.pas"/>
        <DCCReference Include="..\reference-platform\Support\MemorySupport.pas"/>
        <DCCReference Include="..\reference-platform\Support\ErrorSupport.pas"/>
        <DCCReference Include="..\reference-platform\Support\ThreadSupport.pas"/>
        <DCCReference Include="..\reference-platform\Support\BytesSupport.pas"/>
        <DCCReference Include="..\reference-platform\Support\AdvStringBuilders.pas"/>
        <DCCReference Include="..\reference-platform\Support\AdvObjects.pas"/>
        <DCCReference Include="..\reference-platform\Support\AdvExceptions.pas"/>
        <DCCReference Include="..\reference-platform\Support\AdvFactories.pas"/>
        <DCCReference Include="..\reference-platform\Support\FileSupport.pas"/>
        <DCCReference Include="..\reference-platform\Support\AdvControllers.pas"/>
        <DCCReference Include="..\reference-platform\Support\AdvPersistents.pas"/>
        <DCCReference Include="..\reference-platform\Support\AdvFilers.pas"/>
        <DCCReference Include="..\reference-platform\Support\ColourSupport.pas"/>
        <DCCReference Include="..\reference-platform\Support\AdvPersistentLists.pas"/>
        <DCCReference Include="..\reference-platform\Support\AdvObjectLists.pas"/>
        <DCCReference Include="..\reference-platform\Support\AdvItems.pas"/>
        <DCCReference Include="..\reference-platform\Support\AdvCollections.pas"/>
        <DCCReference Include="..\reference-platform\Support\AdvIterators.pas"/>
        <DCCReference Include="..\reference-platform\Support\AdvClassHashes.pas"/>
        <DCCReference Include="..\reference-platform\Support\AdvHashes.pas"/>
        <DCCReference Include="..\reference-platform\Support\HashSupport.pas"/>
        <DCCReference Include="..\reference-platform\Support\AdvStringHashes.pas"/>
        <DCCReference Include="..\reference-platform\Support\AdvStringIntegerMatches.pas"/>
        <DCCReference Include="..\reference-platform\Support\AdvStreams.pas"/>
        <DCCReference Include="..\reference-platform\Support\AdvParameters.pas"/>
        <DCCReference Include="..\reference-platform\Support\AdvFiles.pas"/>
        <DCCReference Include="..\reference-platform\Support\AdvMemories.pas"/>
        <DCCReference Include="..\reference-platform\Support\AdvBuffers.pas"/>
        <DCCReference Include="..\reference-platform\Support\AdvStreamFilers.pas"/>
        <DCCReference Include="..\reference-platform\Support\AdvExclusiveCriticalSections.pas"/>
        <DCCReference Include="..\reference-platform\Support\AdvThreads.pas"/>
        <DCCReference Include="..\reference-platform\Support\AdvSignals.pas"/>
        <DCCReference Include="..\reference-platform\Support\AdvInt64Matches.pas"/>
        <DCCReference Include="..\reference-platform\Support\AdvLargeIntegerMatches.pas"/>
        <DCCReference Include="..\reference-platform\Support\AdvStringLargeIntegerMatches.pas"/>
        <DCCReference Include="..\reference-platform\Support\AdvStringLists.pas"/>
        <DCCReference Include="..\reference-platform\Support\AdvCSVFormatters.pas"/>
        <DCCReference Include="..\reference-platform\Support\AdvTextFormatters.pas"/>
        <DCCReference Include="..\reference-platform\Support\AdvFormatters.pas"/>
        <DCCReference Include="..\reference-platform\Support\AdvCSVExtractors.pas"/>
        <DCCReference Include="..\reference-platform\Support\AdvTextExtractors.pas"/>
        <DCCReference Include="..\reference-platform\Support\AdvExtractors.pas"/>
        <DCCReference Include="..\reference-platform\Support\AdvCharacterSets.pas"/>
        <DCCReference Include="..\reference-platform\Support\AdvOrdinalSets.pas"/>
        <DCCReference Include="..\reference-platform\Support\AdvStreamReaders.pas"/>
        <DCCReference Include="..\reference-platform\Support\AdvStringStreams.pas"/>
        <DCCReference Include="..\reference-platform\Support\AdvStringMatches.pas"/>
        <DCCReference Include="..\reference-platform\Support\AdvXMLEntities.pas"/>
        <DCCReference Include="..\reference-platform\Support\AdvXMLFormatters.pas"/>
        <DCCReference Include="..\reference-platform\Support\ParseMap.pas"/>
        <DCCReference Include="..\reference-platform\Support\AdvZipParts.pas"/>
        <DCCReference Include="..\reference-platform\Support\AdvNameBuffers.pas"/>
        <DCCReference Include="..\reference-platform\Support\AdvZipReaders.pas"/>
        <DCCReference Include="..\reference-platform\Support\AdvVCLStreams.pas"/>
        <DCCReference Include="..\reference-platform\Support\AdvZipDeclarations.pas"/>
        <DCCReference Include="..\reference-platform\Support\AdvZipUtilities.pas"/>
        <DCCReference Include="..\reference-platform\Support\AdvZipWorkers.pas"/>
        <DCCReference Include="..\reference-platform\Support\GUIDSupport.pas"/>
        <DCCReference Include="..\reference-platform\Support\DecimalSupport.pas"/>
        <DCCReference Include="..\reference-platform\Support\HL7V2DateSupport.pas"/>
        <DCCReference Include="..\reference-platform\Support\MsXmlParser.pas"/>
        <DCCReference Include="..\reference-platform\Support\XMLBuilder.pas"/>
        <DCCReference Include="..\reference-platform\Support\AdvWinInetClients.pas"/>
        <DCCReference Include="..\reference-platform\support\MXmlBuilder.pas"/>
        <DCCReference Include="..\reference-platform\Support\AdvXmlBuilders.pas"/>
        <DCCReference Include="..\reference-platform\Support\AdvJSON.pas"/>
        <DCCReference Include="..\reference-platform\Support\AfsResourceVolumes.pas"/>
        <DCCReference Include="..\reference-platform\Support\AfsVolumes.pas"/>
        <DCCReference Include="..\reference-platform\Support\AfsStreamManagers.pas"/>
        <DCCReference Include="..\reference-platform\Support\AdvObjectMatches.pas"/>
        <DCCReference Include="..\reference-platform\Support\TextUtilities.pas"/>
        <DCCReference Include="..\reference-platform\Support\AdvIntegerObjectMatches.pas"/>
        <DCCReference Include="..\reference-platform\Support\AdvStringObjectMatches.pas"/>
        <DCCReference Include="..\server\FHIRIndexManagers.pas"/>
        <DCCReference Include="..\reference-platform\Support\AdvNames.pas"/>
        <DCCReference Include="..\Libraries\ucum\UcumServices.pas"/>
        <DCCReference Include="..\reference-platform\Support\AdvClassLists.pas"/>
        <DCCReference Include="..\reference-platform\Support\AdvPointers.pas"/>
        <DCCReference Include="..\Libraries\ucum\UcumHandlers.pas"/>
        <DCCReference Include="..\Libraries\ucum\Ucum.pas"/>
        <DCCReference Include="..\Libraries\ucum\UcumValidators.pas"/>
        <DCCReference Include="..\Libraries\ucum\UcumExpressions.pas"/>
        <DCCReference Include="..\Libraries\ucum\UcumSearch.pas"/>
        <DCCReference Include="..\server\FHIRValueSetExpander.pas"/>
        <DCCReference Include="..\Libraries\Stem\YuStemmer.pas"/>
        <DCCReference Include="..\Libraries\loinc\LoincServices.pas"/>
        <DCCReference Include="..\Libraries\Stem\DISystemCompat.pas"/>
        <DCCReference Include="..\Libraries\Snomed\SnomedServices.pas"/>
        <DCCReference Include="..\reference-platform\Support\InternetFetcher.pas"/>
        <DCCReference Include="..\reference-platform\Support\FacebookSupport.pas"/>
        <DCCReference Include="..\reference-platform\Support\SystemService.pas"/>
        <DCCReference Include="..\reference-platform\Support\ServiceController.pas"/>
        <DCCReference Include="..\reference-platform\Support\AdvIntegerLists.pas"/>
        <DCCReference Include="..\reference-platform\Support\AdvDispatchers.pas"/>
        <DCCReference Include="..\reference-platform\Support\AdvEvents.pas"/>
        <DCCReference Include="..\reference-platform\Support\AdvMethods.pas"/>
        <DCCReference Include="..\server\DBInstaller.pas"/>
        <DCCReference Include="..\reference-platform\Support\KDBDialects.pas"/>
        <DCCReference Include="..\Libraries\db\KDBLogging.pas"/>
        <DCCReference Include="..\Libraries\db\KDBManager.pas"/>
        <DCCReference Include="..\Libraries\db\KDBUtils.pas"/>
        <DCCReference Include="..\Libraries\db\KSettings.pas"/>
        <DCCReference Include="..\reference-platform\Support\CurrencySupport.pas"/>
        <DCCReference Include="..\Server\FHIRNativeStorage.pas"/>
        <DCCReference Include="..\Libraries\snomed\SnomedImporter.pas"/>
        <DCCReference Include="..\reference-platform\Support\AdvProfilers.pas"/>
        <DCCReference Include="..\reference-platform\Support\AnsiStringBuilder.pas"/>
        <DCCReference Include="..\reference-platform\Support\AdvIntegerMatches.pas"/>
        <DCCReference Include="..\Libraries\snomed\SnomedPublisher.pas"/>
        <DCCReference Include="..\Libraries\snomed\SnomedExpressions.pas"/>
        <DCCReference Include="..\reference-platform\Support\HTMLPublisher.pas"/>
        <DCCReference Include="..\Libraries\loinc\LoincImporter.pas"/>
        <DCCReference Include="..\Libraries\loinc\LoincPublisher.pas"/>
        <DCCReference Include="..\server\TerminologyServerStore.pas"/>
        <DCCReference Include="..\Libraries\TerminologyServices.pas"/>
        <DCCReference Include="..\server\FHIRValueSetChecker.pas"/>
        <DCCReference Include="..\server\TerminologyWebServer.pas"/>
        <DCCReference Include="..\server\FHIRServerConstants.pas"/>
        <DCCReference Include="..\server\FHIRServerUtilities.pas"/>
        <DCCReference Include="..\server\SearchProcessor.pas"/>
        <DCCReference Include="..\server\AuthServer.pas"/>
        <DCCReference Include="..\reference-platform\Support\libeay32.pas"/>
        <DCCReference Include="..\reference-platform\Support\HMAC.pas"/>
        <DCCReference Include="..\reference-platform\Support\JWT.pas"/>
        <DCCReference Include="..\server\SCIMServer.pas"/>
        <DCCReference Include="..\server\SCIMSearch.pas"/>
        <DCCReference Include="..\Libraries\security\TwilioClient.pas"/>
        <DCCReference Include="..\server\FHIRSearchSyntax.pas"/>
        <DCCReference Include="..\reference-platform\Support\ShellSupport.pas"/>
        <DCCReference Include="..\server\RectSupport.pas"/>
        <DCCReference Include="..\server\CoordinateSupport.pas"/>
        <DCCReference Include="..\reference-platform\Support\AdvGenerics.pas"/>
        <DCCReference Include="..\reference-platform\Support\XMLSupport.pas"/>
        <DCCReference Include="..\reference-platform\Support\DigitalSignatures.pas"/>
        <DCCReference Include="..\server\UriServices.pas"/>
        <DCCReference Include="..\server\UniiServices.pas"/>
        <DCCReference Include="..\server\RxNormServices.pas"/>
        <DCCReference Include="..\reference-platform\Support\OIDSupport.pas"/>
        <DCCReference Include="..\Libraries\snomed\SnomedAnalysis.pas"/>
        <DCCReference Include="..\server\AreaCodeServices.pas"/>
        <DCCReference Include="..\server\FHIRSubscriptionManager.pas"/>
        <DCCReference Include="..\server\ServerValidator.pas"/>
        <DCCReference Include="..\reference-platform\Support\IdWebSocket.pas"/>
        <DCCReference Include="..\reference-platform\Support\MimeMessage.pas"/>
        <DCCReference Include="..\reference-platform\Support\kCritSct.pas"/>
        <DCCReference Include="..\reference-platform\r4\QuestionnaireBuilder.pas"/>
        <DCCReference Include="..\reference-platform\support\SCIMObjects.pas"/>
        <DCCReference Include="..\reference-platform\r4\NarrativeGenerator.pas"/>
        <DCCReference Include="..\reference-platform\support\FHIRSecurity.pas"/>
        <DCCReference Include="..\reference-platform\r4\FHIRNarrativeGenerator.pas"/>
        <DCCReference Include="..\reference-platform\client\SmartOnFhirUtilities.pas"/>
        <DCCReference Include="..\reference-platform\r4\FhirPath.pas"/>
        <DCCReference Include="..\reference-platform\r4\FHIRTags.pas"/>
        <DCCReference Include="..\reference-platform\r4\FHIRProfileUtilities.pas"/>
        <DCCReference Include="..\reference-platform\support\FHIRBase.pas"/>
        <DCCReference Include="..\reference-platform\r4\FHIRTypes.pas"/>
        <DCCReference Include="..\reference-platform\r4\FHIRResources.pas"/>
        <DCCReference Include="..\reference-platform\support\FHIRParser.pas"/>
        <DCCReference Include="..\reference-platform\support\FHIRParserBase.pas"/>
        <DCCReference Include="..\reference-platform\r4\FHIRConstants.pas"/>
        <DCCReference Include="..\reference-platform\support\FHIRSupport.pas"/>
        <DCCReference Include="..\reference-platform\support\FHIRLang.pas"/>
        <DCCReference Include="..\reference-platform\r4\FHIRUtilities.pas"/>
        <DCCReference Include="..\reference-platform\client\FHIRClient.pas"/>
        <DCCReference Include="..\reference-platform\r4\FHIRValidator.pas"/>
        <DCCReference Include="..\server\ClosureManager.pas"/>
        <DCCReference Include="..\reference-platform\support\CDSHooksUtilities.pas"/>
        <DCCReference Include="..\..\markdown\source\MarkdownProcessor.pas"/>
        <DCCReference Include="..\..\markdown\source\MarkdownDaringFireball.pas"/>
        <DCCReference Include="..\server\AccessControlEngine.pas"/>
        <DCCReference Include="..\server\MPISearch.pas"/>
        <DCCReference Include="..\reference-platform\support\RDFUtilities.pas"/>
        <DCCReference Include="..\reference-platform\r4\FHIROperations.pas"/>
        <DCCReference Include="..\reference-platform\r4\FhirOpBase.pas"/>
        <DCCReference Include="..\reference-platform\r4\FHIRIndexInformation.pas"/>
        <DCCReference Include="..\reference-platform\r4\FHIRMetaModel.pas"/>
        <DCCReference Include="..\reference-platform\support\FHIRXhtml.pas"/>
        <DCCReference Include="..\reference-platform\r4\FHIRStructureMapUtilities.pas"/>
        <DCCReference Include="..\reference-platform\r4\FHIRContext.pas"/>
        <DCCReference Include="..\reference-platform\support\XmlPatch.pas"/>
        <DCCReference Include="..\reference-platform\support\FHIRLog.pas"/>
        <DCCReference Include="..\reference-platform\r4\FHIRAuthMap.pas"/>
        <DCCReference Include="..\Server\ServerUtilities.pas"/>
        <DCCReference Include="..\Server\Logging.pas"/>
        <DCCReference Include="..\Server\ServerAdaptations.pas"/>
        <DCCReference Include="..\reference-platform\support\AdvZipWriters.pas"/>
        <DCCReference Include="..\Server\ObservationStatsEvaluator.pas"/>
        <DCCReference Include="..\Server\OpenMHealthServer.pas"/>
        <DCCReference Include="..\reference-platform\support\DifferenceEngine.pas"/>
        <DCCReference Include="..\Server\ACIRServices.pas"/>
        <DCCReference Include="..\Server\IETFLanguageCodeServices.pas"/>
        <DCCReference Include="..\Server\ReverseClient.pas"/>
        <DCCReference Include="..\Server\FHIRUserProvider.pas"/>
        <DCCReference Include="..\Server\FHIRServerContext.pas"/>
        <DCCReference Include="..\Server\FHIRTagManager.pas"/>
        <DCCReference Include="..\Server\FHIRSessionManager.pas"/>
        <DCCReference Include="..\Server\FHIRStorageService.pas"/>
        <DCCReference Include="..\reference-platform\support\FHIRGraphQL.pas"/>
        <DCCReference Include="..\reference-platform\support\GraphQL.pas"/>
        <DCCReference Include="..\reference-platform\r4\tests\FHIRTestWorker.pas"/>
        <DCCReference Include="..\reference-platform\support\Tests\JsonTests.pas"/>
        <DCCReference Include="..\reference-platform\support\Tests\XmlTests.pas"/>
        <DCCReference Include="GraphQLTests.pas"/>
        <DCCReference Include="SnomedTests.pas"/>
        <DCCReference Include="..\reference-platform\support\tests\DecimalTests.pas"/>
        <DCCReference Include="IETFLangTests.pas"/>
        <DCCReference Include="..\reference-platform\support\Tests\JWTTests.pas"/>
        <DCCReference Include="..\reference-platform\support\tests\DifferenceEngineTests.pas"/>
        <DCCReference Include="..\reference-platform\r4\tests\FHIRClientTests.pas"/>
        <DCCReference Include="..\reference-platform\r4\tests\FHIRParserTests.pas"/>
        <DCCReference Include="..\reference-platform\r4\tests\FHIRPathTests.pas"/>
        <DCCReference Include="..\reference-platform\r4\tests\FHIRValidatorTests.pas"/>
        <DCCReference Include="..\reference-platform\r4\tests\StructureMapTests.pas"/>
        <DCCReference Include="..\reference-platform\r4\tests\FHIRUtilitiesTests.pas"/>
        <DCCReference Include="..\reference-platform\support\MXML.pas"/>
        <DCCReference Include="..\reference-platform\support\ParserSupport.pas"/>
        <DCCReference Include="..\..\markdown\source\MarkdownCommonMark.pas"/>
        <DCCReference Include="..\reference-platform\support\Tests\OSXTests.pas"/>
        <DCCReference Include="..\reference-platform\support\OSXUtils.pas"/>
        <DCCReference Include="..\reference-platform\support\FHIRCodeGenerator.pas"/>
        <DCCReference Include="..\Server\CDSHooksServices.pas"/>
        <DCCReference Include="..\Server\CDSHooksServer.pas"/>
        <DCCReference Include="..\reference-platform\support\TurtleParser.pas"/>
        <DCCReference Include="..\reference-platform\support\Tests\TurtleTests.pas"/>
        <DCCReference Include="..\reference-platform\r4\FHIRParserXml.pas"/>
        <DCCReference Include="..\reference-platform\r4\FHIRParserJson.pas"/>
        <DCCReference Include="..\reference-platform\r4\FHIRParserTurtle.pas"/>
        <DCCReference Include="..\Libraries\cql\CqlModel.pas"/>
        <DCCReference Include="..\Libraries\cql\CqlParser.pas"/>
        <DCCReference Include="..\Libraries\cql\CqlTests.pas"/>
        <DCCReference Include="RestFulServerTests.pas"/>
        <DCCReference Include="SmartOnFhirTestingLogin.pas"/>
        <DCCReference Include="..\reference-platform\support\CertificateSupport.pas"/>
        <DCCReference Include="..\Server\GraphDefinitionEngine.pas"/>
        <DCCReference Include="GraphDefinitionTests.pas"/>
        <DCCReference Include="..\Libraries\ucum\UcumTests.pas"/>
        <DCCReference Include="..\Libraries\security\ClientApplicationVerifier.pas"/>
        <DCCReference Include="..\Server\JWTService.pas"/>
        <DCCReference Include="..\reference-platform\support\CDSHooksClientManager.pas"/>
        <DCCReference Include="..\Server\Modules\HackingHealthLogic.pas"/>
        <DCCReference Include="..\Libraries\security\SCrypt.pas"/>
        <DCCReference Include="..\Server\ApplicationCache.pas"/>
        <DCCReference Include="..\Server\TerminologyOperations.pas"/>
        <DCCReference Include="..\Server\WebSourceProvider.pas"/>
        <DCCReference Include="..\reference-platform\support\FHIRIndexBase.pas"/>
        <DCCReference Include="..\Libraries\db\KDBTests.pas"/>
        <DCCReference Include="..\Libraries\db\KDBOdbc.pas"/>
        <DCCReference Include="..\Libraries\db\ODBCObjects.pas"/>
        <DCCReference Include="..\Libraries\db\OdbcHeaders.pas"/>
        <DCCReference Include="..\Libraries\db\SQLite3.pas"/>
        <DCCReference Include="..\Libraries\db\SQLite3Utils.pas"/>
        <DCCReference Include="..\Libraries\db\SQLite3Wrap.pas"/>
        <DCCReference Include="..\Libraries\db\KDBSQLite.pas"/>
        <DCCReference Include="..\Server\ServerPostHandlers.pas"/>
        <DCCReference Include="..\Server\TerminologyServer.pas"/>
        <DCCReference Include="..\Server\ICD10Services.pas"/>
        <DCCReference Include="..\Libraries\js\JavascriptTests.pas"/>
        <DCCReference Include="..\Libraries\js\ChakraCommon.pas"/>
        <DCCReference Include="..\Libraries\js\Javascript.pas"/>
        <DCCReference Include="..\reference-platform\support\Tests\DigitalSignatureTests.pas"/>
        <DCCReference Include="..\Libraries\js\AdvJavascript.pas"/>
        <DCCReference Include="..\reference-platform\r4\FHIRJavascriptReg.pas"/>
        <DCCReference Include="..\Libraries\js\FHIRJavascript.pas"/>
        <DCCReference Include="..\Libraries\js\FHIRJavascriptTests.pas"/>
        <DCCReference Include="..\Libraries\js\FHIRClientJs.pas"/>
        <DCCReference Include="..\Server\ServerEventJs.pas"/>
        <DCCReference Include="..\Server\ServerJavascriptHost.pas"/>
        <DCCReference Include="..\Libraries\java\JNIWrapper.pas"/>
        <DCCReference Include="..\Libraries\java\JNI.pas"/>
        <DCCReference Include="..\Libraries\java\JUtils.pas"/>
        <DCCReference Include="..\Libraries\java\JavaRuntime.pas"/>
        <DCCReference Include="..\Server\JavaBridge.pas"/>
        <DCCReference Include="JavaBridgeTests.pas"/>
        <DCCReference Include="..\Libraries\java\myUTF8Strings.pas"/>
        <DCCReference Include="..\reference-platform\support\FHIRFactory.pas"/>
        <BuildConfiguration Include="Release">
            <Key>Cfg_2</Key>
            <CfgParent>Base</CfgParent>
        </BuildConfiguration>
        <BuildConfiguration Include="Base">
            <Key>Base</Key>
        </BuildConfiguration>
        <BuildConfiguration Include="Debug">
            <Key>Cfg_1</Key>
            <CfgParent>Base</CfgParent>
        </BuildConfiguration>
    </ItemGroup>
    <ProjectExtensions>
        <Borland.Personality>Delphi.Personality.12</Borland.Personality>
        <Borland.ProjectType>Console</Borland.ProjectType>
        <BorlandProject>
            <Delphi.Personality>
                <Source>
                    <Source Name="MainSource">FHIRServerTests.dpr</Source>
                </Source>
                <Excluded_Packages>
                    <Excluded_Packages Name="$(BDSBIN)\dcloffice2k250.bpl">Microsoft Office 2000 Sample Automation Server Wrapper Components</Excluded_Packages>
                    <Excluded_Packages Name="$(BDSBIN)\dclofficexp250.bpl">Microsoft Office XP Sample Automation Server Wrapper Components</Excluded_Packages>
                </Excluded_Packages>
            </Delphi.Personality>
            <Deployment Version="3">
                <DeployFile LocalName="$(BDS)\Redist\osx32\libcgunwind.1.0.dylib" Class="DependencyModule">
                    <Platform Name="OSX32">
                        <Overwrite>true</Overwrite>
                    </Platform>
                </DeployFile>
                <DeployFile LocalName="Win64\Debug\FHIRServerTests.exe" Configuration="Debug" Class="ProjectOutput">
                    <Platform Name="Win64">
                        <RemoteName>FHIRServerTests.exe</RemoteName>
                        <Overwrite>true</Overwrite>
                    </Platform>
                </DeployFile>
                <DeployFile LocalName="Win64\Debug\FHIRServerTests.rsm" Configuration="Debug" Class="DebugSymbols">
                    <Platform Name="Win64">
                        <RemoteName>FHIRServerTests.rsm</RemoteName>
                        <Overwrite>true</Overwrite>
                    </Platform>
                </DeployFile>
                <DeployFile LocalName="$(BDS)\Redist\iossimulator\libPCRE.dylib" Class="DependencyModule">
                    <Platform Name="iOSSimulator">
                        <Overwrite>true</Overwrite>
                    </Platform>
                </DeployFile>
                <DeployFile LocalName="$(BDS)\Redist\iossimulator\libcgunwind.1.0.dylib" Class="DependencyModule">
                    <Platform Name="iOSSimulator">
                        <Overwrite>true</Overwrite>
                    </Platform>
                </DeployFile>
                <DeployFile LocalName="Win32\Debug\FHIRServerTests.exe" Configuration="Debug" Class="ProjectOutput">
                    <Platform Name="Win32">
                        <RemoteName>FHIRServerTests.exe</RemoteName>
                        <Overwrite>true</Overwrite>
                    </Platform>
                </DeployFile>
                <DeployFile LocalName="$(BDS)\Redist\osx32\libcgsqlite3.dylib" Class="DependencyModule">
                    <Platform Name="OSX32">
                        <Overwrite>true</Overwrite>
                    </Platform>
                </DeployFile>
                <DeployClass Name="AdditionalDebugSymbols">
                    <Platform Name="OSX32">
                        <Operation>1</Operation>
                    </Platform>
                    <Platform Name="Win32">
                        <RemoteDir>Contents\MacOS</RemoteDir>
                        <Operation>0</Operation>
                    </Platform>
                </DeployClass>
                <DeployClass Name="AndroidClassesDexFile">
                    <Platform Name="Android">
                        <RemoteDir>classes</RemoteDir>
                        <Operation>1</Operation>
                    </Platform>
                </DeployClass>
                <DeployClass Name="AndroidGDBServer">
                    <Platform Name="Android">
                        <RemoteDir>library\lib\armeabi-v7a</RemoteDir>
                        <Operation>1</Operation>
                    </Platform>
                </DeployClass>
                <DeployClass Name="AndroidLibnativeArmeabiFile">
                    <Platform Name="Android">
                        <RemoteDir>library\lib\armeabi</RemoteDir>
                        <Operation>1</Operation>
                    </Platform>
                </DeployClass>
                <DeployClass Name="AndroidLibnativeMipsFile">
                    <Platform Name="Android">
                        <RemoteDir>library\lib\mips</RemoteDir>
                        <Operation>1</Operation>
                    </Platform>
                </DeployClass>
                <DeployClass Name="AndroidServiceOutput">
                    <Platform Name="Android">
                        <RemoteDir>library\lib\armeabi-v7a</RemoteDir>
                        <Operation>1</Operation>
                    </Platform>
                </DeployClass>
                <DeployClass Name="AndroidSplashImageDef">
                    <Platform Name="Android">
                        <RemoteDir>res\drawable</RemoteDir>
                        <Operation>1</Operation>
                    </Platform>
                </DeployClass>
                <DeployClass Name="AndroidSplashStyles">
                    <Platform Name="Android">
                        <RemoteDir>res\values</RemoteDir>
                        <Operation>1</Operation>
                    </Platform>
                </DeployClass>
                <DeployClass Name="Android_DefaultAppIcon">
                    <Platform Name="Android">
                        <RemoteDir>res\drawable</RemoteDir>
                        <Operation>1</Operation>
                    </Platform>
                </DeployClass>
                <DeployClass Name="Android_LauncherIcon144">
                    <Platform Name="Android">
                        <RemoteDir>res\drawable-xxhdpi</RemoteDir>
                        <Operation>1</Operation>
                    </Platform>
                </DeployClass>
                <DeployClass Name="Android_LauncherIcon36">
                    <Platform Name="Android">
                        <RemoteDir>res\drawable-ldpi</RemoteDir>
                        <Operation>1</Operation>
                    </Platform>
                </DeployClass>
                <DeployClass Name="Android_LauncherIcon48">
                    <Platform Name="Android">
                        <RemoteDir>res\drawable-mdpi</RemoteDir>
                        <Operation>1</Operation>
                    </Platform>
                </DeployClass>
                <DeployClass Name="Android_LauncherIcon72">
                    <Platform Name="Android">
                        <RemoteDir>res\drawable-hdpi</RemoteDir>
                        <Operation>1</Operation>
                    </Platform>
                </DeployClass>
                <DeployClass Name="Android_LauncherIcon96">
                    <Platform Name="Android">
                        <RemoteDir>res\drawable-xhdpi</RemoteDir>
                        <Operation>1</Operation>
                    </Platform>
                </DeployClass>
                <DeployClass Name="Android_SplashImage426">
                    <Platform Name="Android">
                        <RemoteDir>res\drawable-small</RemoteDir>
                        <Operation>1</Operation>
                    </Platform>
                </DeployClass>
                <DeployClass Name="Android_SplashImage470">
                    <Platform Name="Android">
                        <RemoteDir>res\drawable-normal</RemoteDir>
                        <Operation>1</Operation>
                    </Platform>
                </DeployClass>
                <DeployClass Name="Android_SplashImage640">
                    <Platform Name="Android">
                        <RemoteDir>res\drawable-large</RemoteDir>
                        <Operation>1</Operation>
                    </Platform>
                </DeployClass>
                <DeployClass Name="Android_SplashImage960">
                    <Platform Name="Android">
                        <RemoteDir>res\drawable-xlarge</RemoteDir>
                        <Operation>1</Operation>
                    </Platform>
                </DeployClass>
                <DeployClass Name="DebugSymbols">
                    <Platform Name="iOSSimulator">
                        <Operation>1</Operation>
                    </Platform>
                    <Platform Name="OSX32">
                        <Operation>1</Operation>
                    </Platform>
                    <Platform Name="Win32">
                        <Operation>0</Operation>
                    </Platform>
                </DeployClass>
                <DeployClass Name="DependencyFramework">
                    <Platform Name="OSX32">
                        <Operation>1</Operation>
                        <Extensions>.framework</Extensions>
                    </Platform>
                    <Platform Name="Win32">
                        <Operation>0</Operation>
                    </Platform>
                </DeployClass>
                <DeployClass Name="DependencyModule">
                    <Platform Name="OSX32">
                        <Operation>1</Operation>
                        <Extensions>.dylib</Extensions>
                    </Platform>
                    <Platform Name="Win32">
                        <Operation>0</Operation>
                        <Extensions>.dll;.bpl</Extensions>
                    </Platform>
                </DeployClass>
                <DeployClass Required="true" Name="DependencyPackage">
                    <Platform Name="iOSDevice32">
                        <Operation>1</Operation>
                        <Extensions>.dylib</Extensions>
                    </Platform>
                    <Platform Name="iOSDevice64">
                        <Operation>1</Operation>
                        <Extensions>.dylib</Extensions>
                    </Platform>
                    <Platform Name="iOSSimulator">
                        <Operation>1</Operation>
                        <Extensions>.dylib</Extensions>
                    </Platform>
                    <Platform Name="OSX32">
                        <Operation>1</Operation>
                        <Extensions>.dylib</Extensions>
                    </Platform>
                    <Platform Name="Win32">
                        <Operation>0</Operation>
                        <Extensions>.bpl</Extensions>
                    </Platform>
                </DeployClass>
                <DeployClass Name="File">
                    <Platform Name="Android">
                        <Operation>0</Operation>
                    </Platform>
                    <Platform Name="iOSDevice32">
                        <Operation>0</Operation>
                    </Platform>
                    <Platform Name="iOSDevice64">
                        <Operation>0</Operation>
                    </Platform>
                    <Platform Name="iOSSimulator">
                        <Operation>0</Operation>
                    </Platform>
                    <Platform Name="OSX32">
                        <Operation>0</Operation>
                    </Platform>
                    <Platform Name="Win32">
                        <Operation>0</Operation>
                    </Platform>
                </DeployClass>
                <DeployClass Name="iPad_Launch1024">
                    <Platform Name="iOSDevice32">
                        <Operation>1</Operation>
                    </Platform>
                    <Platform Name="iOSDevice64">
                        <Operation>1</Operation>
                    </Platform>
                    <Platform Name="iOSSimulator">
                        <Operation>1</Operation>
                    </Platform>
                </DeployClass>
                <DeployClass Name="iPad_Launch1536">
                    <Platform Name="iOSDevice32">
                        <Operation>1</Operation>
                    </Platform>
                    <Platform Name="iOSDevice64">
                        <Operation>1</Operation>
                    </Platform>
                    <Platform Name="iOSSimulator">
                        <Operation>1</Operation>
                    </Platform>
                </DeployClass>
                <DeployClass Name="iPad_Launch2048">
                    <Platform Name="iOSDevice32">
                        <Operation>1</Operation>
                    </Platform>
                    <Platform Name="iOSDevice64">
                        <Operation>1</Operation>
                    </Platform>
                    <Platform Name="iOSSimulator">
                        <Operation>1</Operation>
                    </Platform>
                </DeployClass>
                <DeployClass Name="iPad_Launch768">
                    <Platform Name="iOSDevice32">
                        <Operation>1</Operation>
                    </Platform>
                    <Platform Name="iOSDevice64">
                        <Operation>1</Operation>
                    </Platform>
                    <Platform Name="iOSSimulator">
                        <Operation>1</Operation>
                    </Platform>
                </DeployClass>
                <DeployClass Name="iPhone_Launch320">
                    <Platform Name="iOSDevice32">
                        <Operation>1</Operation>
                    </Platform>
                    <Platform Name="iOSDevice64">
                        <Operation>1</Operation>
                    </Platform>
                    <Platform Name="iOSSimulator">
                        <Operation>1</Operation>
                    </Platform>
                </DeployClass>
                <DeployClass Name="iPhone_Launch640">
                    <Platform Name="iOSDevice32">
                        <Operation>1</Operation>
                    </Platform>
                    <Platform Name="iOSDevice64">
                        <Operation>1</Operation>
                    </Platform>
                    <Platform Name="iOSSimulator">
                        <Operation>1</Operation>
                    </Platform>
                </DeployClass>
                <DeployClass Name="iPhone_Launch640x1136">
                    <Platform Name="iOSDevice32">
                        <Operation>1</Operation>
                    </Platform>
                    <Platform Name="iOSDevice64">
                        <Operation>1</Operation>
                    </Platform>
                    <Platform Name="iOSSimulator">
                        <Operation>1</Operation>
                    </Platform>
                </DeployClass>
                <DeployClass Name="ProjectAndroidManifest">
                    <Platform Name="Android">
                        <Operation>1</Operation>
                    </Platform>
                </DeployClass>
                <DeployClass Name="ProjectiOSDeviceDebug">
                    <Platform Name="iOSDevice32">
                        <RemoteDir>..\$(PROJECTNAME).app.dSYM\Contents\Resources\DWARF</RemoteDir>
                        <Operation>1</Operation>
                    </Platform>
                    <Platform Name="iOSDevice64">
                        <RemoteDir>..\$(PROJECTNAME).app.dSYM\Contents\Resources\DWARF</RemoteDir>
                        <Operation>1</Operation>
                    </Platform>
                </DeployClass>
                <DeployClass Name="ProjectiOSDeviceResourceRules"/>
                <DeployClass Name="ProjectiOSEntitlements"/>
                <DeployClass Name="ProjectiOSInfoPList"/>
                <DeployClass Name="ProjectiOSResource">
                    <Platform Name="iOSDevice32">
                        <Operation>1</Operation>
                    </Platform>
                    <Platform Name="iOSDevice64">
                        <Operation>1</Operation>
                    </Platform>
                    <Platform Name="iOSSimulator">
                        <Operation>1</Operation>
                    </Platform>
                </DeployClass>
                <DeployClass Name="ProjectOSXEntitlements"/>
                <DeployClass Name="ProjectOSXInfoPList"/>
                <DeployClass Name="ProjectOSXResource">
                    <Platform Name="OSX32">
                        <RemoteDir>Contents\Resources</RemoteDir>
                        <Operation>1</Operation>
                    </Platform>
                </DeployClass>
                <DeployClass Required="true" Name="ProjectOutput">
                    <Platform Name="Android">
                        <RemoteDir>library\lib\armeabi-v7a</RemoteDir>
                        <Operation>1</Operation>
                    </Platform>
                    <Platform Name="iOSDevice32">
                        <Operation>1</Operation>
                    </Platform>
                    <Platform Name="iOSDevice64">
                        <Operation>1</Operation>
                    </Platform>
                    <Platform Name="iOSSimulator">
                        <Operation>1</Operation>
                    </Platform>
                    <Platform Name="Linux64">
                        <Operation>1</Operation>
                    </Platform>
                    <Platform Name="OSX32">
                        <Operation>1</Operation>
                    </Platform>
                    <Platform Name="Win32">
                        <Operation>0</Operation>
                    </Platform>
                </DeployClass>
                <DeployClass Name="ProjectUWPManifest">
                    <Platform Name="Win32">
                        <Operation>1</Operation>
                    </Platform>
                    <Platform Name="Win64">
                        <Operation>1</Operation>
                    </Platform>
                </DeployClass>
                <DeployClass Name="UWP_DelphiLogo150">
                    <Platform Name="Win32">
                        <RemoteDir>Assets</RemoteDir>
                        <Operation>1</Operation>
                    </Platform>
                    <Platform Name="Win64">
                        <RemoteDir>Assets</RemoteDir>
                        <Operation>1</Operation>
                    </Platform>
                </DeployClass>
                <DeployClass Name="UWP_DelphiLogo44">
                    <Platform Name="Win32">
                        <RemoteDir>Assets</RemoteDir>
                        <Operation>1</Operation>
                    </Platform>
                    <Platform Name="Win64">
                        <RemoteDir>Assets</RemoteDir>
                        <Operation>1</Operation>
                    </Platform>
                </DeployClass>
                <ProjectRoot Platform="iOSDevice64" Name="$(PROJECTNAME).app"/>
                <ProjectRoot Platform="Win64" Name="$(PROJECTNAME)"/>
                <ProjectRoot Platform="iOSDevice32" Name="$(PROJECTNAME).app"/>
                <ProjectRoot Platform="Linux64" Name="$(PROJECTNAME)"/>
                <ProjectRoot Platform="Win32" Name="$(PROJECTNAME)"/>
                <ProjectRoot Platform="OSX32" Name="$(PROJECTNAME)"/>
                <ProjectRoot Platform="Android" Name="$(PROJECTNAME)"/>
                <ProjectRoot Platform="iOSSimulator" Name="$(PROJECTNAME).app"/>
            </Deployment>
            <Platforms>
                <Platform value="Linux64">False</Platform>
                <Platform value="Win32">True</Platform>
                <Platform value="Win64">True</Platform>
            </Platforms>
        </BorlandProject>
        <ProjectFileVersion>12</ProjectFileVersion>
    </ProjectExtensions>
    <Import Project="$(BDS)\Bin\CodeGear.Delphi.Targets" Condition="Exists('$(BDS)\Bin\CodeGear.Delphi.Targets')"/>
    <Import Project="$(APPDATA)\Embarcadero\$(BDSAPPDATABASEDIR)\$(PRODUCTVERSION)\UserTools.proj" Condition="Exists('$(APPDATA)\Embarcadero\$(BDSAPPDATABASEDIR)\$(PRODUCTVERSION)\UserTools.proj')"/>
    <Import Project="$(MSBuildProjectName).deployproj" Condition="Exists('$(MSBuildProjectName).deployproj')"/>
</Project>
