<CONFIG>
  <ProjectOptions>
    <Version Value="12"/>
    <PathDelim Value="\"/>
    <General>
      <Flags>
        <MainUnitHasCreateFormStatements Value="False"/>
        <MainUnitHasTitleStatement Value="False"/>
        <MainUnitHasScaledStatement Value="False"/>
        <CompatibilityMode Value="True"/>
      </Flags>
      <SessionStorage Value="InProjectDir"/>
      <Title Value="FHIRConsole"/>
      <ResourceType Value="res"/>
      <UseXPManifest Value="True"/>
      <Icon Value="0"/>
    </General>
    <VersionInfo>
      <MajorVersionNr Value="4"/>
      <MinorVersionNr Value="0"/>
      <RevisionNr Value="1"/>
      <Attributes pvaDebug="False"/>
    </VersionInfo>
    <BuildModes Count="8">
      <Item1 Name="default" Default="True"/>
      <Item2 Name="win32">
        <MacroValues Count="1">
          <Macro4 Name="LCLWidgetType" Value="win32"/>
        </MacroValues>
        <CompilerOptions>
          <Version Value="11"/>
          <PathDelim Value="\"/>
          <Target>
            <Filename Value="..\..\exec\64\FHIRConsole.exe"/>
          </Target>
          <SearchPaths>
            <IncludeFiles Value="$(ProjOutDir);..\library"/>
            <Libraries Value="..\dependencies\openssl\$(TargetOS)-$(TargetCPU)"/>
            <OtherUnitFiles Value="admin;tx;..\dependencies\FMM;..\library\fsl\tests"/>
            <UnitOutputDirectory Value="lib\console\$(BuildMode)"/>
          </SearchPaths>
          <Parsing>
            <SyntaxOptions>
              <IncludeAssertionCode Value="True"/>
            </SyntaxOptions>
          </Parsing>
          <CodeGeneration>
            <Checks>
              <IOChecks Value="True"/>
              <RangeChecks Value="True"/>
              <OverflowChecks Value="True"/>
              <StackChecks Value="True"/>
            </Checks>
            <VerifyObjMethodCallValidity Value="True"/>
            <TargetCPU Value="i386"/>
            <TargetOS Value="win32"/>
          </CodeGeneration>
          <Linking>
            <Debugging>
              <DebugInfoType Value="dsDwarf2Set"/>
            </Debugging>
            <Options>
              <Win32>
                <GraphicApplication Value="True"/>
              </Win32>
            </Options>
          </Linking>
        </CompilerOptions>
      </Item2>
      <Item3 Name="win64">
        <MacroValues Count="1">
          <Macro4 Name="LCLWidgetType" Value="win32"/>
        </MacroValues>
        <CompilerOptions>
          <Version Value="11"/>
          <PathDelim Value="\"/>
          <Target>
            <Filename Value="..\exec\64\FHIRConsole.exe"/>
          </Target>
          <SearchPaths>
            <IncludeFiles Value="$(ProjOutDir);..\library"/>
            <Libraries Value="..\dependencies\openssl\$(TargetOS)-$(TargetCPU)"/>
            <OtherUnitFiles Value="admin;tx;..\library\fsl\tests;..\library\fhir\tests;..\library\fhir4\tests;..\library\fhir4b\tests;..\library\fhir5\tests;..\library\ftx\tests;..\library\fxver\tests;..\library\cda\tests;..\library\v2\tests;..\library\fdb\tests;..\library\fcomp\tests;modules;tests;..\dependencies\FMM"/>
            <UnitOutputDirectory Value="lib\console\$(BuildMode)"/>
          </SearchPaths>
          <Parsing>
            <SyntaxOptions>
              <IncludeAssertionCode Value="True"/>
            </SyntaxOptions>
          </Parsing>
          <CodeGeneration>
            <Checks>
              <IOChecks Value="True"/>
              <RangeChecks Value="True"/>
              <OverflowChecks Value="True"/>
              <StackChecks Value="True"/>
            </Checks>
            <VerifyObjMethodCallValidity Value="True"/>
            <TargetCPU Value="x86_64"/>
            <TargetOS Value="win64"/>
            <Optimizations>
              <OptimizationLevel Value="0"/>
            </Optimizations>
          </CodeGeneration>
          <Linking>
            <Debugging>
              <DebugInfoType Value="dsDwarf2Set"/>
            </Debugging>
            <Options>
              <Win32>
                <GraphicApplication Value="True"/>
              </Win32>
            </Options>
          </Linking>
        </CompilerOptions>
      </Item3>
      <Item4 Name="linux">
        <MacroValues Count="1">
          <Macro1 Name="LCLWidgetType" Value="gtk2"/>
        </MacroValues>
        <CompilerOptions>
          <Version Value="11"/>
          <PathDelim Value="\"/>
          <Target>
            <Filename Value="..\exec\64\FHIRConsole"/>
          </Target>
          <SearchPaths>
            <IncludeFiles Value="$(ProjOutDir);..\library"/>
            <Libraries Value="\usr\local\lib64"/>
            <OtherUnitFiles Value="admin;tx;..\library\fsl\tests;..\library\fhir\tests;..\library\fhir4\tests;..\library\fhir4b\tests;..\library\fhir5\tests;..\library\ftx\tests;..\library\fxver\tests;..\library\cda\tests;..\library\v2\tests;..\library\fdb\tests;modules;tests;..\library\fcomp\tests"/>
            <UnitOutputDirectory Value="lib\console\$(BuildMode)"/>
          </SearchPaths>
          <CodeGeneration>
            <TargetCPU Value="x86_64"/>
            <TargetOS Value="linux"/>
          </CodeGeneration>
          <Linking>
            <Debugging>
              <DebugInfoType Value="dsDwarf2Set"/>
            </Debugging>
            <Options>
              <LinkerOptions Value="-R .\"/>
              <Win32>
                <GraphicApplication Value="True"/>
              </Win32>
            </Options>
          </Linking>
          <Other>
            <CustomOptions Value="-k--library-path=/usr/local/lib64 -k--verbose -k--library-path=/tmp/openssl/lib"/>
          </Other>
        </CompilerOptions>
      </Item4>
      <Item5 Name="osx">
        <MacroValues Count="1">
          <Macro2 Name="LCLWidgetType" Value="cocoa"/>
        </MacroValues>
        <CompilerOptions>
          <Version Value="11"/>
          <PathDelim Value="\"/>
          <Target>
            <Filename Value="..\exec\64\FHIRConsole"/>
          </Target>
          <SearchPaths>
            <IncludeFiles Value="$(ProjOutDir);..\library"/>
            <Libraries Value="..\dependencies\openssl\$(TargetOS)-$(TargetCPU)"/>
            <OtherUnitFiles Value="admin;tx;..\library\fsl\tests"/>
            <UnitOutputDirectory Value="lib\console\$(BuildMode)"/>
          </SearchPaths>
          <CodeGeneration>
            <TargetCPU Value="x86_64"/>
            <TargetOS Value="darwin"/>
          </CodeGeneration>
          <Linking>
            <Debugging>
              <DebugInfoType Value="dsDwarf2Set"/>
            </Debugging>
          </Linking>
        </CompilerOptions>
      </Item5>
      <Item6 Name="osx-m1">
        <MacroValues Count="1">
          <Macro2 Name="LCLWidgetType" Value="cocoa"/>
        </MacroValues>
        <CompilerOptions>
          <Version Value="11"/>
          <PathDelim Value="\"/>
          <Target>
            <Filename Value="..\exec\64\FHIRConsole"/>
          </Target>
          <SearchPaths>
            <IncludeFiles Value="$(ProjOutDir);..\library"/>
            <Libraries Value="..\dependencies\openssl\$(TargetOS)-$(TargetCPU)"/>
            <OtherUnitFiles Value="admin;tx;..\library\fsl\tests;..\library\fhir\tests;..\library\fhir4\tests;..\library\fhir4b\tests;..\library\fhir5\tests;..\library\ftx\tests;..\library\fxver\tests;..\library\cda\tests;..\library\v2\tests;..\library\fdb\tests;..\library\fcomp\tests;modules;tests"/>
            <UnitOutputDirectory Value="lib\console\$(BuildMode)"/>
          </SearchPaths>
          <Parsing>
            <SyntaxOptions>
              <IncludeAssertionCode Value="True"/>
            </SyntaxOptions>
          </Parsing>
          <CodeGeneration>
            <Checks>
              <IOChecks Value="True"/>
              <RangeChecks Value="True"/>
              <OverflowChecks Value="True"/>
              <StackChecks Value="True"/>
            </Checks>
            <VerifyObjMethodCallValidity Value="True"/>
            <TargetCPU Value="aarch64"/>
            <TargetOS Value="darwin"/>
            <Optimizations>
              <OptimizationLevel Value="0"/>
            </Optimizations>
          </CodeGeneration>
          <Linking>
            <Debugging>
              <DebugInfoType Value="dsDwarf2Set"/>
              <UseExternalDbgSyms Value="True"/>
            </Debugging>
          </Linking>
          <Other>
            <CustomOptions Value="-WM10.15&#10;-XR/Applications/Xcode.app/Contents/Developer/Platforms/MacOSX.platform/Developer/SDKs/MacOSX.sdk&#10;-gw2&#10;-gw3"/>
          </Other>
        </CompilerOptions>
      </Item6>
      <Item7 Name="win64-release">
        <MacroValues Count="1">
          <Macro4 Name="LCLWidgetType" Value="win32"/>
        </MacroValues>
        <CompilerOptions>
          <Version Value="11"/>
          <PathDelim Value="\"/>
          <Target>
            <Filename Value="..\exec\64\FHIRConsole.exe"/>
          </Target>
          <SearchPaths>
            <IncludeFiles Value="$(ProjOutDir);..\library"/>
            <Libraries Value="..\dependencies\openssl\$(TargetOS)-$(TargetCPU)"/>
            <OtherUnitFiles Value="admin;tx;..\library\fsl\tests;..\library\fhir\tests;..\library\fhir4\tests;..\library\fhir4b\tests;..\library\fhir5\tests;..\library\ftx\tests;..\library\fxver\tests;..\library\cda\tests;..\library\v2\tests;..\library\fdb\tests;..\library\fcomp\tests;modules;tests;..\dependencies\FMM"/>
            <UnitOutputDirectory Value="lib\console\$(BuildMode)"/>
          </SearchPaths>
          <CodeGeneration>
            <TargetCPU Value="x86_64"/>
            <TargetOS Value="win64"/>
            <Optimizations>
              <OptimizationLevel Value="3"/>
            </Optimizations>
          </CodeGeneration>
          <Linking>
            <Debugging>
              <GenerateDebugInfo Value="False"/>
              <DebugInfoType Value="dsDwarf2Set"/>
            </Debugging>
            <Options>
              <Win32>
                <GraphicApplication Value="True"/>
              </Win32>
            </Options>
          </Linking>
          <Other>
            <Verbosity>
              <ShowWarn Value="False"/>
              <ShowNotes Value="False"/>
              <ShowHints Value="False"/>
            </Verbosity>
            <WriteFPCLogo Value="False"/>
          </Other>
        </CompilerOptions>
      </Item7>
      <Item8 Name="linux-release">
        <CompilerOptions>
          <Version Value="11"/>
          <PathDelim Value="\"/>
          <Target>
            <Filename Value="..\exec\64\FHIRConsole"/>
          </Target>
          <SearchPaths>
            <IncludeFiles Value="$(ProjOutDir);..\library"/>
            <Libraries Value="\usr\local\lib64"/>
            <OtherUnitFiles Value="admin;tx;..\library\fsl\tests;..\library\fhir\tests;..\library\fhir4\tests;..\library\fhir4b\tests;..\library\fhir5\tests;..\library\ftx\tests;..\library\fxver\tests;..\library\cda\tests;..\library\v2\tests;..\library\fdb\tests;modules;tests;..\library\fcomp\tests"/>
            <UnitOutputDirectory Value="lib\console\$(BuildMode)"/>
          </SearchPaths>
          <CodeGeneration>
            <TargetCPU Value="x86_64"/>
            <TargetOS Value="linux"/>
            <Optimizations>
              <OptimizationLevel Value="3"/>
            </Optimizations>
          </CodeGeneration>
          <Linking>
            <Debugging>
              <GenerateDebugInfo Value="False"/>
              <DebugInfoType Value="dsDwarf2Set"/>
            </Debugging>
            <Options>
              <Win32>
                <GraphicApplication Value="True"/>
              </Win32>
            </Options>
          </Linking>
        </CompilerOptions>
      </Item8>
      <SharedMatrixOptions Count="5">
        <Item1 ID="348441424249" Modes="linux" Type="IDEMacro" MacroName="LCLWidgetType" Value="gtk2"/>
        <Item2 ID="601568390877" Modes="osx,osx-m1" Type="IDEMacro" MacroName="LCLWidgetType" Value="cocoa"/>
        <Item3 ID="986226565548" Type="IDEMacro" MacroName="LCLWidgetType" Value="carbon"/>
        <Item4 ID="116515061841" Modes="win32,win64,win64-release" Type="IDEMacro" MacroName="LCLWidgetType" Value="win32"/>
        <Item5 ID="731652424285" Modes="win64-release,linux-release" Value="-dProduction"/>
      </SharedMatrixOptions>
    </BuildModes>
    <PublishOptions>
      <Version Value="2"/>
      <UseFileFilters Value="True"/>
    </PublishOptions>
    <RunParams>
      <FormatVersion Value="2"/>
    </RunParams>
    <RequiredPackages Count="17">
      <Item1>
        <PackageName Value="Pdfium"/>
      </Item1>
      <Item2>
        <PackageName Value="markdowntests"/>
      </Item2>
      <Item3>
        <PackageName Value="idetester"/>
      </Item3>
      <Item4>
        <PackageName Value="fhir4b"/>
      </Item4>
      <Item5>
        <PackageName Value="fhir5"/>
      </Item5>
      <Item6>
        <PackageName Value="fhir3"/>
      </Item6>
      <Item7>
        <PackageName Value="fhir_xver"/>
      </Item7>
      <Item8>
        <PackageName Value="fhir4"/>
      </Item8>
      <Item9>
        <PackageName Value="fcomp"/>
      </Item9>
      <Item10>
        <PackageName Value="laz.virtualtreeview_package"/>
      </Item10>
      <Item11>
        <PackageName Value="LazControls"/>
      </Item11>
      <Item12>
        <PackageName Value="fhir_fsl"/>
      </Item12>
      <Item13>
        <PackageName Value="fhir"/>
      </Item13>
      <Item14>
        <PackageName Value="fhir_fui"/>
      </Item14>
      <Item15>
        <PackageName Value="MarkdownEngine"/>
      </Item15>
      <Item16>
        <PackageName Value="DateTimeCtrls"/>
      </Item16>
      <Item17>
        <PackageName Value="LCL"/>
      </Item17>
    </RequiredPackages>
    <Units Count="15">
      <Unit0>
        <Filename Value="fhirconsole.pas"/>
        <IsPartOfProject Value="True"/>
      </Unit0>
      <Unit1>
        <Filename Value="console_form.pas"/>
        <IsPartOfProject Value="True"/>
        <ComponentName Value="MainConsoleForm"/>
        <HasResources Value="True"/>
        <ResourceBaseClass Value="Form"/>
      </Unit1>
      <Unit2>
        <Filename Value="admin\console_dest_edit.pas"/>
        <IsPartOfProject Value="True"/>
        <HasResources Value="True"/>
      </Unit2>
      <Unit3>
        <Filename Value="admin\console_ep_edit.pas"/>
        <IsPartOfProject Value="True"/>
        <ComponentName Value="EditEPForm"/>
        <HasResources Value="True"/>
        <ResourceBaseClass Value="Form"/>
      </Unit3>
      <Unit4>
        <Filename Value="admin\console_id_edit.pas"/>
        <IsPartOfProject Value="True"/>
        <ComponentName Value="EditIDForm"/>
        <HasResources Value="True"/>
        <ResourceBaseClass Value="Form"/>
      </Unit4>
      <Unit5>
        <Filename Value="admin\console_managers.pas"/>
        <IsPartOfProject Value="True"/>
      </Unit5>
      <Unit6>
        <Filename Value="admin\console_server_form.pas"/>
        <IsPartOfProject Value="True"/>
        <ComponentName Value="ServerConnectionForm"/>
        <HasResources Value="True"/>
        <ResourceBaseClass Value="Form"/>
      </Unit6>
      <Unit7>
        <Filename Value="admin\console_tx_edit.pas"/>
        <IsPartOfProject Value="True"/>
        <ComponentName Value="EditTxForm"/>
        <HasResources Value="True"/>
        <ResourceBaseClass Value="Form"/>
      </Unit7>
      <Unit8>
        <Filename Value="admin\server_config.pas"/>
        <IsPartOfProject Value="True"/>
      </Unit8>
      <Unit9>
        <Filename Value="admin\install_form.pas"/>
        <IsPartOfProject Value="True"/>
        <ComponentName Value="EndpointInstallForm"/>
        <HasResources Value="True"/>
        <ResourceBaseClass Value="Form"/>
      </Unit9>
      <Unit10>
        <Filename Value="admin\install_log.pas"/>
        <IsPartOfProject Value="True"/>
        <ComponentName Value="InstallProgressForm"/>
        <HasResources Value="True"/>
        <ResourceBaseClass Value="Form"/>
      </Unit10>
      <Unit11>
        <Filename Value="installer.pas"/>
        <IsPartOfProject Value="True"/>
      </Unit11>
      <Unit12>
        <Filename Value="admin\frm_about.pas"/>
        <IsPartOfProject Value="True"/>
        <ComponentName Value="ConsoleAboutForm"/>
        <HasResources Value="True"/>
        <ResourceBaseClass Value="Form"/>
      </Unit12>
      <Unit13>
        <Filename Value="test_form.pas"/>
        <IsPartOfProject Value="True"/>
        <ComponentName Value="TestForm"/>
        <HasResources Value="True"/>
        <ResourceBaseClass Value="Form"/>
      </Unit13>
      <Unit14>
        <Filename Value="..\library\fsl\tests\fsl_testing.pas"/>
        <IsPartOfProject Value="True"/>
      </Unit14>
    </Units>
  </ProjectOptions>
  <CompilerOptions>
    <Version Value="11"/>
    <PathDelim Value="\"/>
    <Target>
      <Filename Value="..\exec\64\FHIRConsole.exe"/>
    </Target>
    <SearchPaths>
      <IncludeFiles Value="$(ProjOutDir);..\library;..\library\fsl\tests"/>
      <Libraries Value="..\dependencies\openssl\$(TargetOS)-$(TargetCPU)"/>
      <OtherUnitFiles Value="admin;tx;..\dependencies\FMM;..\library\fsl\tests;..\library\fcomp\tests;..\library\v2\tests;..\library\cda\tests;..\library\fdb\tests;..\library\ftx\tests;tests;..\library\fhir4\tests;..\library\fhir4b\tests;..\library\fhir\tests;..\library\fhir5\tests;..\library\fxver\tests"/>
      <UnitOutputDirectory Value="lib\$(BuildMode)"/>
    </SearchPaths>
    <Parsing>
      <SyntaxOptions>
        <IncludeAssertionCode Value="True"/>
      </SyntaxOptions>
    </Parsing>
    <CodeGeneration>
      <Checks>
        <IOChecks Value="True"/>
        <RangeChecks Value="True"/>
        <OverflowChecks Value="True"/>
        <StackChecks Value="True"/>
      </Checks>
      <VerifyObjMethodCallValidity Value="True"/>
    </CodeGeneration>
    <Linking>
      <Debugging>
        <DebugInfoType Value="dsDwarf2Set"/>
      </Debugging>
      <Options>
        <Win32>
          <GraphicApplication Value="True"/>
        </Win32>
      </Options>
    </Linking>
  </CompilerOptions>
  <Debugging>
    <Exceptions Count="6">
      <Item1>
        <Name Value="EIdSocketError"/>
      </Item1>
      <Item2>
        <Name Value="EIdConnClosedGracefully"/>
      </Item2>
      <Item3>
        <Name Value="ELibraryException"/>
      </Item3>
      <Item4>
        <Name Value="&lt;Unknown Class&gt;"/>
      </Item4>
      <Item5>
        <Name Value="0000000eEIdSocketError"/>
      </Item5>
      <Item6>
        <Name Value="00000017EIdConnClosedGracefully\U00000014EIdSocketHandleError"/>
      </Item6>
    </Exceptions>
  </Debugging>
</CONFIG>
