<Project xmlns="http://schemas.microsoft.com/developer/msbuild/2003">
    <PropertyGroup>
        <ProjectGuid>{C47C4B65-DCBD-4C70-AAF5-FED96EAAD0F7}</ProjectGuid>
        <ProjectVersion>18.4</ProjectVersion>
        <FrameworkType>VCL</FrameworkType>
        <MainSource>FHIRServer2.dpr</MainSource>
        <Base>True</Base>
        <Config Condition="'$(Config)'==''">Debug</Config>
        <Platform Condition="'$(Platform)'==''">Win64</Platform>
        <TargetedPlatforms>3</TargetedPlatforms>
        <AppType>Console</AppType>
    </PropertyGroup>
    <PropertyGroup Condition="'$(Config)'=='Base' or '$(Base)'!=''">
        <Base>true</Base>
    </PropertyGroup>
    <PropertyGroup Condition="('$(Platform)'=='Win32' and '$(Base)'=='true') or '$(Base_Win32)'!=''">
        <Base_Win32>true</Base_Win32>
        <CfgParent>Base</CfgParent>
        <Base>true</Base>
    </PropertyGroup>
    <PropertyGroup Condition="('$(Platform)'=='Win64' and '$(Base)'=='true') or '$(Base_Win64)'!=''">
        <Base_Win64>true</Base_Win64>
        <CfgParent>Base</CfgParent>
        <Base>true</Base>
    </PropertyGroup>
    <PropertyGroup Condition="'$(Config)'=='Debug' or '$(Cfg_1)'!=''">
        <Cfg_1>true</Cfg_1>
        <CfgParent>Base</CfgParent>
        <Base>true</Base>
    </PropertyGroup>
    <PropertyGroup Condition="('$(Platform)'=='Win32' and '$(Cfg_1)'=='true') or '$(Cfg_1_Win32)'!=''">
        <Cfg_1_Win32>true</Cfg_1_Win32>
        <CfgParent>Cfg_1</CfgParent>
        <Cfg_1>true</Cfg_1>
        <Base>true</Base>
    </PropertyGroup>
    <PropertyGroup Condition="('$(Platform)'=='Win64' and '$(Cfg_1)'=='true') or '$(Cfg_1_Win64)'!=''">
        <Cfg_1_Win64>true</Cfg_1_Win64>
        <CfgParent>Cfg_1</CfgParent>
        <Cfg_1>true</Cfg_1>
        <Base>true</Base>
    </PropertyGroup>
    <PropertyGroup Condition="'$(Config)'=='Release' or '$(Cfg_2)'!=''">
        <Cfg_2>true</Cfg_2>
        <CfgParent>Base</CfgParent>
        <Base>true</Base>
    </PropertyGroup>
    <PropertyGroup Condition="('$(Platform)'=='Win32' and '$(Cfg_2)'=='true') or '$(Cfg_2_Win32)'!=''">
        <Cfg_2_Win32>true</Cfg_2_Win32>
        <CfgParent>Cfg_2</CfgParent>
        <Cfg_2>true</Cfg_2>
        <Base>true</Base>
    </PropertyGroup>
    <PropertyGroup Condition="('$(Platform)'=='Win64' and '$(Cfg_2)'=='true') or '$(Cfg_2_Win64)'!=''">
        <Cfg_2_Win64>true</Cfg_2_Win64>
        <CfgParent>Cfg_2</CfgParent>
        <Cfg_2>true</Cfg_2>
        <Base>true</Base>
    </PropertyGroup>
    <PropertyGroup Condition="'$(Base)'!=''">
        <Icon_MainIcon>$(BDS)\bin\delphi_PROJECTICON.ico</Icon_MainIcon>
        <Icns_MainIcns>$(BDS)\bin\delphi_PROJECTICNS.icns</Icns_MainIcns>
        <SanitizedProjectName>FHIRServer2</SanitizedProjectName>
        <DCC_Namespace>System;Xml;Data;Datasnap;Web;Soap;Vcl;Vcl.Imaging;Vcl.Touch;Vcl.Samples;Vcl.Shell;$(DCC_Namespace)</DCC_Namespace>
        <DCC_DcuOutput>.\$(Platform)\$(Config)</DCC_DcuOutput>
        <DCC_ExeOutput>.\$(Platform)\$(Config)</DCC_ExeOutput>
        <DCC_E>false</DCC_E>
        <DCC_N>false</DCC_N>
        <DCC_S>false</DCC_S>
        <DCC_F>false</DCC_F>
        <DCC_K>false</DCC_K>
    </PropertyGroup>
    <PropertyGroup Condition="'$(Base_Win32)'!=''">
        <DCC_Namespace>Winapi;System.Win;Data.Win;Datasnap.Win;Web.Win;Soap.Win;Xml.Win;Bde;$(DCC_Namespace)</DCC_Namespace>
        <VerInfo_Locale>1033</VerInfo_Locale>
        <VerInfo_Keys>CompanyName=;FileVersion=1.0.0.0;InternalName=;LegalCopyright=;LegalTrademarks=;OriginalFilename=;ProductVersion=1.0.0.0;Comments=;ProgramID=com.embarcadero.$(ModuleName);FileDescription=$(ModuleName);ProductName=$(ModuleName)</VerInfo_Keys>
        <DCC_UsePackage>esbpcs_base_db_rt_d17;esbpcs_base_rt_d17;fs17;frx17;bindcompfmx;DBXSqliteDriver;vcldbx;fmx;rtl;dbrtl;DbxClientDriver;IndySystem;TeeDB;bindcomp;inetdb;esbpcs_xtras_db_rt_d17;vclib;inetdbbde;DBXInterBaseDriver;DataSnapClient;DataSnapCommon;DBXOdbcDriver;DataSnapServer;Tee;esbpcs_calcs_rt_d17;esbpcs_dates_rt_d17;DataSnapProviderClient;xmlrtl;svnui;ibxpress;DbxCommonDriver;DBXSybaseASEDriver;vclimg;esbpcs_stats_rt_d17;IndyProtocols;dbxcds;DBXMySQLDriver;DatasnapConnectorsFreePascal;MetropolisUILiveTile;esbpcs_calcs_db_rt_d17;esbpcs_xtras_rt_d17;vclactnband;bindengine;vcldb;soaprtl;bindcompdbx;vcldsnap;bindcompvcl;FMXTee;TeeUI;vclie;vcltouch;DBXDb2Driver;websnap;DBXOracleDriver;CustomIPTransport;vclribbon;VclSmp;dsnap;IndyIPServer;DBXInformixDriver;Intraweb;fmxase;vcl;IndyCore;DataSnapConnectors;esbpcs_stats_db_rt_d17;IndyIPCommon;CloudService;DBXMSSQLDriver;dsnapcon;DBXFirebirdDriver;FmxTeeUI;inet;fsDB17;fmxobj;frxDB17;CodeSiteExpressPkg;esbpcs_dates_db_rt_d17;vclx;frxe17;inetdbxpress;webdsnap;svn;DBXSybaseASADriver;fmxdae;bdertl;dbexpress;adortl;DataSnapIndy10ServerTransport;IndyIPClient;$(DCC_UsePackage)</DCC_UsePackage>
    </PropertyGroup>
    <PropertyGroup Condition="'$(Base_Win64)'!=''">
        <DCC_Namespace>Winapi;System.Win;Data.Win;Datasnap.Win;Web.Win;Soap.Win;Xml.Win;$(DCC_Namespace)</DCC_Namespace>
        <VerInfo_Locale>1033</VerInfo_Locale>
        <VerInfo_Keys>CompanyName=;FileVersion=1.0.0.0;InternalName=;LegalCopyright=;LegalTrademarks=;OriginalFilename=;ProductVersion=1.0.0.0;Comments=;ProgramID=com.embarcadero.$(ModuleName);FileDescription=$(ModuleName);ProductName=$(ModuleName)</VerInfo_Keys>
        <DCC_UsePackage>bindcompfmx;DBXSqliteDriver;fmx;rtl;dbrtl;DbxClientDriver;IndySystem;bindcomp;inetdb;DBXInterBaseDriver;DataSnapClient;DataSnapCommon;DBXOdbcDriver;DataSnapServer;DataSnapProviderClient;xmlrtl;DbxCommonDriver;DBXSybaseASEDriver;vclimg;IndyProtocols;dbxcds;DBXMySQLDriver;vclactnband;bindengine;vcldb;soaprtl;bindcompdbx;vcldsnap;bindcompvcl;vclie;vcltouch;DBXDb2Driver;websnap;DBXOracleDriver;CustomIPTransport;VclSmp;dsnap;IndyIPServer;DBXInformixDriver;fmxase;vcl;IndyCore;IndyIPCommon;DBXMSSQLDriver;dsnapcon;DBXFirebirdDriver;inet;fmxobj;vclx;inetdbxpress;webdsnap;DBXSybaseASADriver;fmxdae;dbexpress;DataSnapIndy10ServerTransport;IndyIPClient;$(DCC_UsePackage)</DCC_UsePackage>
    </PropertyGroup>
    <PropertyGroup Condition="'$(Cfg_1)'!=''">
        <DCC_Define>DEBUG;$(DCC_Define)</DCC_Define>
        <DCC_DebugDCUs>true</DCC_DebugDCUs>
        <DCC_Optimize>false</DCC_Optimize>
        <DCC_GenerateStackFrames>true</DCC_GenerateStackFrames>
        <DCC_DebugInfoInExe>true</DCC_DebugInfoInExe>
        <DCC_RemoteDebug>true</DCC_RemoteDebug>
    </PropertyGroup>
    <PropertyGroup Condition="'$(Cfg_1_Win32)'!=''">
        <DCC_DebugDCUs>false</DCC_DebugDCUs>
        <Icon_MainIcon>fhir.ico</Icon_MainIcon>
        <Debugger_RunParams>-debug -password g -ini C:\work\fhirserver\Exec\fhir.dev.local.ini -xsnomed-rf2 &quot;C:\Data\terminologies\sct-au\Snapshot&quot; -remount -tests -xindex -xloinc &quot;C:\Data\terminologies\FHIR.Loinc.Base\2.48\loinc.csv&quot; -load &quot;C:\work\org.hl7.fhir\build\publish\examples.zip&quot; -mafile &quot;C:\Data\terminologies\FHIR.Loinc.Base\2.48\mafile.CSV&quot;</Debugger_RunParams>
        <BCC_SourceDebuggingOn>true</BCC_SourceDebuggingOn>
        <ILINK_FullDebugInfo>true</ILINK_FullDebugInfo>
        <BCC_DebugLineNumbers>true</BCC_DebugLineNumbers>
        <DCC_UnitSearchPath>C:\HL7Connect\indysoap\source;$(DCC_UnitSearchPath)</DCC_UnitSearchPath>
        <DCC_Define>INDY_V10;$(DCC_Define)</DCC_Define>
        <VerInfo_Locale>1033</VerInfo_Locale>
        <Manifest_File>None</Manifest_File>
        <DCC_DcuOutput>C:\work\com.healthintersections.fhir\scratch\units\</DCC_DcuOutput>
        <DCC_RemoteDebug>false</DCC_RemoteDebug>
    </PropertyGroup>
    <PropertyGroup Condition="'$(Cfg_1_Win64)'!=''">
        <DCC_DcuOutput>C:\work\com.healthintersections.fhir\scratch\units_d264</DCC_DcuOutput>
        <DCC_Define>FHIR2;FHIR2CM;NO_CONVERSION;$(DCC_Define)</DCC_Define>
        <DCC_UnitSearchPath>..\Libraries\jcl;$(DCC_UnitSearchPath)</DCC_UnitSearchPath>
        <DCC_MapFile>3</DCC_MapFile>
        <DCC_RunTimeTypeInfo>true</DCC_RunTimeTypeInfo>
        <DCC_RangeChecking>true</DCC_RangeChecking>
        <DCC_DebugDCUs>false</DCC_DebugDCUs>
        <DCC_Inlining>off</DCC_Inlining>
        <DCC_IntegerOverflowCheck>true</DCC_IntegerOverflowCheck>
        <DCC_ImportedDataReferences>false</DCC_ImportedDataReferences>
        <Icon_MainIcon>FHIRServer2_Icon.ico</Icon_MainIcon>
        <Debugger_RunParams>-xnoload -xremount -xtests -xvalidate -password g -ini C:\work\fhirserver\Exec\fhir.dev.local.ini -xsnomed-rf2 &quot;C:\data\terminologies\sct-us&quot; -sver &quot;http://snomed.info/sct/731000124108/version/20150901&quot; -xtests -xindex -xloinc &quot;C:\Data\terminologies\FHIR.Loinc.Base\2.54&quot; -lver 2.54 -xload C:\work\org.hl7.fhir.old\org.hl7.fhir.dstu2\build\publish\examples.zip -xunii C:\Data\terminologies\uniis\unii.txt -xncistems -xprofile &quot;C:\ork\fhirserver\profiles\daf-upload.ini&quot; -debug </Debugger_RunParams>
        <VerInfo_Locale>1033</VerInfo_Locale>
        <Manifest_File>None</Manifest_File>
        <DCC_UnitAlias>FHIR.Version.AuthMap=FHIR.R2.AuthMap;FHIR.Version.Constants=FHIR.R2.Constants;FHIR.Version.Context=FHIR.R2.Context;FHIR.Version.IndexInfo=FHIR.R2.IndexInfo;FHIR.Version.Javascript=FHIR.R2.Javascript;FHIR.Version.ElementModel=FHIR.R2.ElementModel;FHIR.Version.Narrative=FHIR.R2.Narrative;FHIR.Version.Operations=FHIR.R2.Operations;FHIR.Version.Json=FHIR.R2.Json;FHIR.Version.Turtle=FHIRParserTurtle2;FHIR.Version.Xml=FHIR.R2.Xml;FHIR.Version.PathNode=FHIR.R2.PathNode;FHIR.Version.Profiles=FHIR.R2.Profiles;FHIR.Version.Resources=FHIR.R2.Resources;FHIR.Version.MapUtilities=FHIRStructureMapUtilities2;FHIR.Version.Tags=FHIR.R2.Tags;FHIRTestWorker=FHIRTestWorker2;FHIR.Version.Types=FHIR.R2.Types;FHIR.Version.Utilities=FHIR.R2.Utilities;FHIR.Version.Validator=FHIR.R2.Validator;FHIR.Version.OpBase=FHIR.R2.OpBase;FHIR.Version.PathEngine=FHIR.R2.PathEngine;FHIR.Version.Narrative2=FHIR.R2.Narrative2;FHIR.Version.Questionnaire=FHIR.R2.Questionnaire;FHIRBaseX=FHIR.R2.Base;FHIR.Version.Common=FHIR.R2.Common;FHIR.Version.Factory=FHIR.R2.Factory;$(DCC_UnitAlias)</DCC_UnitAlias>
        <VerInfo_Keys>CompanyName=;FileVersion=1.0.0.0;InternalName=;LegalCopyright=;LegalTrademarks=;OriginalFilename=;ProductVersion=1.0.0.0;Comments=;ProgramID=com.embarcadero.$(MSBuildProjectName);FileDescription=$(MSBuildProjectName);ProductName=$(MSBuildProjectName)</VerInfo_Keys>
        <DCC_CONSTRUCTING_ABSTRACT>error</DCC_CONSTRUCTING_ABSTRACT>
        <DCC_HIDDEN_VIRTUAL>error</DCC_HIDDEN_VIRTUAL>
    </PropertyGroup>
    <PropertyGroup Condition="'$(Cfg_2)'!=''">
        <DCC_LocalDebugSymbols>false</DCC_LocalDebugSymbols>
        <DCC_Define>RELEASE;$(DCC_Define)</DCC_Define>
        <DCC_SymbolReferenceInfo>0</DCC_SymbolReferenceInfo>
        <DCC_DebugInformation>0</DCC_DebugInformation>
    </PropertyGroup>
    <PropertyGroup Condition="'$(Cfg_2_Win32)'!=''">
        <DCC_UnitSearchPath>C:\HL7Connect\indysoap\source;$(DCC_UnitSearchPath)</DCC_UnitSearchPath>
        <Debugger_RunParams>-debug -ini C:\work\fhirserver\Exec\fhir.local.ini -xsnomed-rf2 &quot;C:\Data\terminologies\snomed-ct au\20130530\RF2 Release\Snapshot&quot; -xremount -xtests -xloinc C:\Data\terminologies\FHIR.Loinc.Base\LOINCDB.MDB</Debugger_RunParams>
        <Manifest_File>None</Manifest_File>
        <VerInfo_Locale>1033</VerInfo_Locale>
        <DCC_AssertionsAtRuntime>false</DCC_AssertionsAtRuntime>
        <Icon_MainIcon>fhir.ico</Icon_MainIcon>
    </PropertyGroup>
    <PropertyGroup Condition="'$(Cfg_2_Win64)'!=''">
        <DCC_LocalDebugSymbols>true</DCC_LocalDebugSymbols>
        <DCC_DebugInfoInExe>true</DCC_DebugInfoInExe>
        <VerInfo_Locale>1033</VerInfo_Locale>
        <Manifest_File>None</Manifest_File>
        <DCC_ConsoleTarget>true</DCC_ConsoleTarget>
        <DCC_AssertionsAtRuntime>false</DCC_AssertionsAtRuntime>
        <Debugger_RunParams>-tests -ini C:\work\fhirserver\Exec\fhir.local.ini</Debugger_RunParams>
        <DCC_Optimize>false</DCC_Optimize>
    </PropertyGroup>
    <ItemGroup>
        <DelphiCompile Include="$(MainSource)">
            <MainSource>MainSource</MainSource>
        </DelphiCompile>
        <DCCReference Include="..\Libraries\FMM\FastMM4.pas"/>
        <DCCReference Include="..\Libraries\FMM\FastMM4Messages.pas"/>
        <DCCReference Include="FHIR.Server.Kernel.pas"/>
        <DCCReference Include="FHIR.Server.Web.pas"/>
        <DCCReference Include="..\reference-platform\Support\FHIR.Support.Strings.pas"/>
        <DCCReference Include="..\reference-platform\Support\FHIR.Support.Math.pas"/>
        <DCCReference Include="..\reference-platform\Support\FHIR.Support.DateTime.pas"/>
        <DCCReference Include="..\reference-platform\Support\FHIR.Support.Binary.pas"/>
        <DCCReference Include="..\reference-platform\Support\FHIR.Support.Objects.pas"/>
        <DCCReference Include="..\reference-platform\Support\FHIR.Support.Exceptions.pas"/>
        <DCCReference Include="..\reference-platform\Support\FHIR.Support.System.pas"/>
        <DCCReference Include="..\reference-platform\Support\FHIR.Support.Collections.pas"/>
        <DCCReference Include="..\reference-platform\Support\FHIR.Support.Stream.pas"/>
        <DCCReference Include="..\reference-platform\Support\FHIR.Web.Parsers.pas"/>
        <DCCReference Include="..\reference-platform\Support\FHIR.Support.Decimal.pas"/>
        <DCCReference Include="..\reference-platform\Support\FHIR.Support.WinInet.pas"/>
        <DCCReference Include="..\reference-platform\Support\FHIR.Support.Json.pas"/>
        <DCCReference Include="FHIR.Server.Indexing.pas"/>
        <DCCReference Include="..\Libraries\Ucum\FHIR.Ucum.Services.pas"/>
        <DCCReference Include="..\Libraries\Ucum\FHIR.Ucum.Handlers.pas"/>
        <DCCReference Include="..\Libraries\Ucum\FHIR.Ucum.Base.pas"/>
        <DCCReference Include="..\Libraries\Ucum\FHIR.Ucum.Validators.pas"/>
        <DCCReference Include="..\Libraries\Ucum\FHIR.Ucum.Expressions.pas"/>
        <DCCReference Include="..\Libraries\Ucum\FHIR.Ucum.Search.pas"/>
        <DCCReference Include="FHIR.Tx.Expander.pas"/>
        <DCCReference Include="..\Libraries\Stem\YuStemmer.pas"/>
        <DCCReference Include="..\Libraries\loinc\FHIR.Loinc.Services.pas"/>
        <DCCReference Include="..\Libraries\Stem\DISystemCompat.pas"/>
        <DCCReference Include="..\Libraries\Snomed\FHIR.Snomed.Services.pas"/>
        <DCCReference Include="..\reference-platform\Support\FHIR.Web.Fetcher.pas"/>
        <DCCReference Include="..\reference-platform\Support\FHIR.Misc.Facebook.pas"/>
        <DCCReference Include="..\reference-platform\Support\FHIR.Support.Service.pas"/>
        <DCCReference Include="FHIR.Server.DBInstaller.pas"/>
        <DCCReference Include="..\reference-platform\Support\FHIR.Database.Dialects.pas"/>
        <DCCReference Include="..\Libraries\db\FHIR.Database.Logging.pas"/>
        <DCCReference Include="..\Libraries\db\FHIR.Database.Manager.pas"/>
        <DCCReference Include="..\Libraries\db\FHIR.Database.Utilities.pas"/>
        <DCCReference Include="..\Libraries\db\FHIR.Database.Settings.pas"/>
        <DCCReference Include="..\Libraries\snomed\FHIR.Snomed.Importer.pas"/>
        <DCCReference Include="..\Libraries\snomed\FHIR.Snomed.Publisher.pas"/>
        <DCCReference Include="..\Libraries\snomed\FHIR.Snomed.Expressions.pas"/>
        <DCCReference Include="..\reference-platform\Support\FHIR.Web.HtmlGen.pas"/>
        <DCCReference Include="..\Libraries\loinc\FHIR.Loinc.Importer.pas"/>
        <DCCReference Include="..\Libraries\loinc\FHIR.Loinc.Publisher.pas"/>
        <DCCReference Include="FHIR.Tx.Server.pas"/>
        <DCCReference Include="FHIR.Tx.Manager.pas"/>
        <DCCReference Include="..\Libraries\FHIR.Tx.Service.pas"/>
        <DCCReference Include="FHIR.Tx.Validator.pas"/>
        <DCCReference Include="FHIR.Tx.Web.pas"/>
        <DCCReference Include="FHIR.Server.Constants.pas"/>
        <DCCReference Include="FHIR.Server.Utilities.pas"/>
        <DCCReference Include="FHIR.Server.Search.pas"/>
        <DCCReference Include="FHIR.Server.AuthMgr.pas"/>
        <DCCReference Include="FHIR.Scim.Server.pas"/>
        <DCCReference Include="FHIR.Scim.Search.pas"/>
        <DCCReference Include="..\Libraries\security\FHIR.Misc.Twilio.pas"/>
        <DCCReference Include="FHIR.Server.SearchSyntax.pas"/>
        <DCCReference Include="..\reference-platform\Support\FHIR.Support.Shell.pas"/>
        <DCCReference Include="..\reference-platform\Support\FHIR.Support.Generics.pas"/>
        <DCCReference Include="..\reference-platform\Support\FHIR.Support.Signatures.pas"/>
        <DCCReference Include="FHIR.Tx.Uri.pas"/>
        <DCCReference Include="FHIR.Tx.Unii.pas"/>
        <DCCReference Include="FHIR.Tx.RxNorm.pas"/>
        <DCCReference Include="FHIR.Tx.Lang.pas"/>
        <DCCReference Include="..\Libraries\snomed\FHIR.Snomed.Analysis.pas"/>
        <DCCReference Include="FHIR.Tx.AreaCode.pas"/>
        <DCCReference Include="FHIR.Server.Subscriptions.pas"/>
        <DCCReference Include="FHIR.Server.Validator.pas"/>
        <DCCReference Include="..\reference-platform\Support\FHIR.Web.Socket.pas"/>
        <DCCReference Include="..\reference-platform\Support\FHIR.Support.MsXml.pas"/>
        <DCCReference Include="..\reference-platform\Support\FHIR.Support.Mime.pas"/>
        <DCCReference Include="..\reference-platform\Support\FHIR.Support.Lock.pas"/>
        <DCCReference Include="..\reference-platform\dstu2\FHIR.R2.Questionnaire.pas"/>
        <DCCReference Include="..\reference-platform\base\FHIR.Base.Scim.pas"/>
        <DCCReference Include="..\reference-platform\dstu2\FHIR.R2.Narrative2.pas"/>
        <DCCReference Include="..\reference-platform\tools\FHIR.Server.Security.pas"/>
        <DCCReference Include="..\reference-platform\dstu2\FHIR.R2.Narrative.pas"/>
        <DCCReference Include="..\reference-platform\client\FHIR.Smart.Utilities.pas"/>
        <DCCReference Include="..\reference-platform\dstu2\FHIR.R2.PathEngine.pas"/>
        <DCCReference Include="..\reference-platform\dstu2\FHIR.R2.Tags.pas"/>
        <DCCReference Include="..\reference-platform\dstu2\FHIR.R2.Profiles.pas"/>
        <DCCReference Include="..\reference-platform\base\FHIR.Base.Objects.pas"/>
        <DCCReference Include="..\reference-platform\dstu2\FHIR.R2.Types.pas"/>
        <DCCReference Include="..\reference-platform\dstu2\FHIR.R2.Resources.pas"/>
        <DCCReference Include="..\reference-platform\version\FHIR.Version.Parser.pas"/>
        <DCCReference Include="..\reference-platform\dstu2\FHIR.R2.Xml.pas"/>
        <DCCReference Include="..\reference-platform\dstu2\FHIR.R2.Json.pas"/>
        <DCCReference Include="..\reference-platform\base\FHIR.Base.Parser.pas"/>
        <DCCReference Include="..\reference-platform\dstu2\FHIR.R2.Constants.pas"/>
        <DCCReference Include="..\reference-platform\tools\FHIR.Server.Session.pas"/>
        <DCCReference Include="..\reference-platform\base\FHIR.Base.Lang.pas"/>
        <DCCReference Include="..\reference-platform\dstu2\FHIR.R2.Utilities.pas"/>
        <DCCReference Include="..\reference-platform\version\FHIR.Version.Client.pas"/>
        <DCCReference Include="..\reference-platform\dstu2\FHIR.R2.Validator.pas"/>
        <DCCReference Include="FHIR.Server.ClosureMgr.pas"/>
        <DCCReference Include="..\reference-platform\support\FHIR.CdsHooks.Utilities.pas"/>
        <DCCReference Include="..\..\markdown\source\MarkdownProcessor.pas"/>
        <DCCReference Include="..\..\markdown\source\MarkdownDaringFireball.pas"/>
        <DCCReference Include="..\..\markdown\source\MarkdownDaringFireballTests.pas"/>
        <DCCReference Include="FHIR.Server.AccessControl.pas"/>
        <DCCReference Include="FHIR.Server.MpiSearch.pas"/>
        <DCCReference Include="..\reference-platform\support\FHIR.Web.Rdf.pas"/>
        <DCCReference Include="..\reference-platform\dstu2\FHIR.R2.Operations.pas"/>
        <DCCReference Include="..\reference-platform\dstu2\FHIR.R2.ElementModel.pas"/>
        <DCCReference Include="..\reference-platform\dstu2\FHIR.R2.IndexInfo.pas"/>
        <DCCReference Include="..\reference-platform\dstu2\FHIR.R2.OpBase.pas"/>
        <DCCReference Include="..\reference-platform\base\FHIR.Base.Xhtml.pas"/>
        <DCCReference Include="..\reference-platform\dstu2\FHIR.R2.Context.pas"/>
        <DCCReference Include="..\reference-platform\support\FHIR.Debug.Logging.pas"/>
        <DCCReference Include="..\reference-platform\dstu2\FHIR.R2.AuthMap.pas"/>
        <DCCReference Include="..\reference-platform\tools\FHIR.Tools.DiffEngine.pas"/>
        <DCCReference Include="FHIR.Tx.ACIR.pas"/>
        <DCCReference Include="FHIR.Server.ReverseClient.pas"/>
        <DCCReference Include="FHIR.Server.Database.pas"/>
        <DCCReference Include="FHIR.Server.UserMgr.pas"/>
        <DCCReference Include="..\reference-platform\tools\FHIR.Tools.GraphQL.pas"/>
        <DCCReference Include="..\reference-platform\support\FHIR.Support.MXml.pas"/>
        <DCCReference Include="..\..\markdown\source\MarkdownCommonMark.pas"/>
        <DCCReference Include="..\reference-platform\tools\FHIR.Tools.CodeGen.pas"/>
        <DCCReference Include="FHIR.CdsHooks.Server.pas"/>
        <DCCReference Include="FHIR.CdsHooks.Service.pas"/>
        <DCCReference Include="..\reference-platform\support\FHIR.Support.Turtle.pas"/>
        <DCCReference Include="..\Libraries\security\FHIR.Misc.ApplicationVerifier.pas"/>
        <DCCReference Include="FHIR.Server.Jwt.pas"/>
        <DCCReference Include="..\reference-platform\support\FHIR.CdsHooks.Client.pas"/>
        <DCCReference Include="..\Libraries\security\FHIR.Utilities.SCrypt.pas"/>
        <DCCReference Include="FHIR.Tx.Operations.pas"/>
        <DCCReference Include="FHIR.Server.WebSource.pas"/>
        <DCCReference Include="..\reference-platform\tools\FHIR.Tools.Indexing.pas"/>
        <DCCReference Include="..\Libraries\db\FHIR.Database.ODBC.pas"/>
        <DCCReference Include="..\Libraries\db\FHIR.Database.ODBC.Objects.pas"/>
        <DCCReference Include="..\Libraries\db\FHIR.Database.ODBC.Headers.pas"/>
        <DCCReference Include="..\Libraries\db\FHIR.Database.SQLite3.Objects.pas"/>
        <DCCReference Include="..\Libraries\db\FHIR.Database.SQLite3.Utilities.pas"/>
        <DCCReference Include="..\Libraries\db\FHIR.Database.SQLite3.Wrapper.pas"/>
        <DCCReference Include="..\Libraries\db\FHIR.Database.SQLite.pas"/>
        <DCCReference Include="FHIR.Server.PostHandlers.pas"/>
        <DCCReference Include="FHIR.Server.Javascript.pas"/>
        <DCCReference Include="..\Libraries\js\FHIR.Support.Javascript.pas"/>
        <DCCReference Include="..\reference-platform\dstu2\FHIR.R2.Javascript.pas"/>
        <DCCReference Include="..\Libraries\js\FHIR.Javascript.Base.pas"/>
        <DCCReference Include="..\Libraries\js\FHIR.Client.Javascript.pas"/>
        <DCCReference Include="FHIR.Server.EventJs.pas"/>
        <DCCReference Include="..\Libraries\js\FHIR.Javascript.pas"/>
        <DCCReference Include="..\Libraries\js\FHIR.Javascript.Chakra.pas"/>
        <DCCReference Include="..\reference-platform\dstu2\FHIR.R2.Factory.pas"/>
        <DCCReference Include="FHIR.Tx.UsState.pas"/>
        <DCCReference Include="FHIR.Tx.CountryCode.pas"/>
        <DCCReference Include="..\reference-platform\dstu2\FHIR.R2.PathNode.pas"/>
        <DCCReference Include="..\reference-platform\support\FHIR.Ucum.IFace.pas"/>
        <DCCReference Include="..\reference-platform\dstu2\FHIR.R2.Base.pas"/>
        <DCCReference Include="FHIR.Server.XhtmlComp.pas"/>
        <DCCReference Include="..\reference-platform\dstu2\FHIR.R2.Parser.pas"/>
        <DCCReference Include="..\reference-platform\dstu2\FHIR.R2.ParserBase.pas"/>
        <DCCReference Include="..\reference-platform\client\FHIR.Client.Base.pas"/>
        <DCCReference Include="..\reference-platform\client\FHIR.Client.HTTP.pas"/>
        <DCCReference Include="..\reference-platform\client\FHIR.Client.Threaded.pas"/>
        <DCCReference Include="..\reference-platform\dstu2\FHIR.R2.Client.pas"/>
        <DCCReference Include="..\reference-platform\support\FHIR.Support.Text.pas"/>
        <DCCReference Include="..\reference-platform\support\FHIR.Support.Zip.pas"/>
        <DCCReference Include="..\reference-platform\support\FHIR.Support.Xml.pas"/>
        <DCCReference Include="..\reference-platform\support\FHIR.Support.Controllers.pas"/>
        <DCCReference Include="..\reference-platform\support\FHIR.Support.Certs.pas"/>
        <DCCReference Include="..\reference-platform\support\FHIR.Misc.GraphQL.pas"/>
        <DCCReference Include="..\reference-platform\base\FHIR.Base.Factory.pas"/>
        <DCCReference Include="..\reference-platform\base\FHIR.Base.Validator.pas"/>
        <DCCReference Include="..\reference-platform\base\FHIR.Base.Common.pas"/>
        <DCCReference Include="..\reference-platform\base\FHIR.Base.Narrative.pas"/>
        <DCCReference Include="..\reference-platform\base\FHIR.Base.PathEngine.pas"/>
        <DCCReference Include="..\reference-platform\dstu2\FHIR.R2.Common.pas"/>
        <DCCReference Include="..\reference-platform\cache\FHIR.Cache.PackageManager.pas"/>
        <DCCReference Include="..\reference-platform\support\FHIR.Support.Tarball.pas"/>
        <DCCReference Include="..\reference-platform\base\FHIR.Base.Utilities.pas"/>
        <DCCReference Include="..\reference-platform\support\fhir.support.fpc.pas"/>
        <DCCReference Include="..\reference-platform\support\FHIR.Support.Osx.pas"/>
        <DCCReference Include="FHIR.Tx.MimeTypes.pas"/>
        <DCCReference Include="FHIR.Tx.Iso4217.pas"/>
        <None Include="Profiling\AQtimeModule1.aqt"/>
        <BuildConfiguration Include="Release">
            <Key>Cfg_2</Key>
            <CfgParent>Base</CfgParent>
        </BuildConfiguration>
        <BuildConfiguration Include="Base">
            <Key>Base</Key>
        </BuildConfiguration>
        <BuildConfiguration Include="Debug">
            <Key>Cfg_1</Key>
            <CfgParent>Base</CfgParent>
        </BuildConfiguration>
    </ItemGroup>
    <ProjectExtensions>
        <Borland.Personality>Delphi.Personality.12</Borland.Personality>
        <Borland.ProjectType/>
        <BorlandProject>
            <Delphi.Personality>
                <VersionInfo>
                    <VersionInfo Name="IncludeVerInfo">False</VersionInfo>
                    <VersionInfo Name="AutoIncBuild">False</VersionInfo>
                    <VersionInfo Name="MajorVer">1</VersionInfo>
                    <VersionInfo Name="MinorVer">0</VersionInfo>
                    <VersionInfo Name="Release">0</VersionInfo>
                    <VersionInfo Name="Build">0</VersionInfo>
                    <VersionInfo Name="Debug">False</VersionInfo>
                    <VersionInfo Name="PreRelease">False</VersionInfo>
                    <VersionInfo Name="Special">False</VersionInfo>
                    <VersionInfo Name="Private">False</VersionInfo>
                    <VersionInfo Name="DLL">False</VersionInfo>
                    <VersionInfo Name="Locale">3081</VersionInfo>
                    <VersionInfo Name="CodePage">1252</VersionInfo>
                </VersionInfo>
                <VersionInfoKeys>
                    <VersionInfoKeys Name="CompanyName"/>
                    <VersionInfoKeys Name="FileDescription"/>
                    <VersionInfoKeys Name="FileVersion">1.0.0.0</VersionInfoKeys>
                    <VersionInfoKeys Name="InternalName"/>
                    <VersionInfoKeys Name="LegalCopyright"/>
                    <VersionInfoKeys Name="LegalTrademarks"/>
                    <VersionInfoKeys Name="OriginalFilename"/>
                    <VersionInfoKeys Name="ProductName"/>
                    <VersionInfoKeys Name="ProductVersion">1.0.0.0</VersionInfoKeys>
                    <VersionInfoKeys Name="Comments"/>
                    <VersionInfoKeys Name="CFBundleName"/>
                    <VersionInfoKeys Name="CFBundleDisplayName"/>
                    <VersionInfoKeys Name="CFBundleIdentifier"/>
                    <VersionInfoKeys Name="CFBundleVersion"/>
                    <VersionInfoKeys Name="CFBundlePackageType"/>
                    <VersionInfoKeys Name="CFBundleSignature"/>
                    <VersionInfoKeys Name="CFBundleAllowMixedLocalizations"/>
                    <VersionInfoKeys Name="CFBundleExecutable"/>
                </VersionInfoKeys>
                <Source>
                    <Source Name="MainSource">FHIRServer2.dpr</Source>
                </Source>
                <Excluded_Packages>
                    <Excluded_Packages Name="$(BDSBIN)\dcloffice2k250.bpl">Microsoft Office 2000 Sample Automation Server Wrapper Components</Excluded_Packages>
                    <Excluded_Packages Name="$(BDSBIN)\dclofficexp250.bpl">Microsoft Office XP Sample Automation Server Wrapper Components</Excluded_Packages>
                </Excluded_Packages>
            </Delphi.Personality>
            <Deployment Version="3">
                <DeployFile LocalName="Win32\Debug\FHIRServer.rsm" Configuration="Debug" Class="DebugSymbols">
                    <Platform Name="Win32">
                        <RemoteName>FHIRServer.rsm</RemoteName>
                        <Overwrite>true</Overwrite>
                    </Platform>
                </DeployFile>
                <DeployFile LocalName="Win64\Debug\FHIRServer2.rsm" Configuration="Debug" Class="DebugSymbols">
                    <Platform Name="Win64">
                        <RemoteName>FHIRServer2.rsm</RemoteName>
                        <Overwrite>true</Overwrite>
                    </Platform>
                </DeployFile>
                <DeployFile LocalName="Win32\Debug\FHIRServer2.exe" Configuration="Debug" Class="ProjectOutput">
                    <Platform Name="Win32">
                        <Overwrite>true</Overwrite>
                    </Platform>
                </DeployFile>
                <DeployFile LocalName="Win64\Debug\FHIRServer2.exe" Configuration="Debug" Class="ProjectOutput">
                    <Platform Name="Win64">
                        <RemoteName>FHIRServer2.exe</RemoteName>
                        <Overwrite>true</Overwrite>
                    </Platform>
                </DeployFile>
                <DeployFile LocalName="Profiling\AQtimeModule1.aqt" Configuration="Debug" Class="ProjectFile">
                    <Platform Name="Win64">
                        <RemoteDir>.\</RemoteDir>
                        <Overwrite>true</Overwrite>
                    </Platform>
                </DeployFile>
                <DeployClass Name="AdditionalDebugSymbols">
                    <Platform Name="OSX32">
                        <Operation>1</Operation>
                    </Platform>
                    <Platform Name="Win32">
                        <RemoteDir>Contents\MacOS</RemoteDir>
                        <Operation>0</Operation>
                    </Platform>
                </DeployClass>
                <DeployClass Name="AndroidClassesDexFile">
                    <Platform Name="Android">
                        <RemoteDir>classes</RemoteDir>
                        <Operation>1</Operation>
                    </Platform>
                </DeployClass>
                <DeployClass Name="AndroidGDBServer">
                    <Platform Name="Android">
                        <RemoteDir>library\lib\armeabi-v7a</RemoteDir>
                        <Operation>1</Operation>
                    </Platform>
                </DeployClass>
                <DeployClass Name="AndroidLibnativeArmeabiFile">
                    <Platform Name="Android">
                        <RemoteDir>library\lib\armeabi</RemoteDir>
                        <Operation>1</Operation>
                    </Platform>
                </DeployClass>
                <DeployClass Name="AndroidLibnativeMipsFile">
                    <Platform Name="Android">
                        <RemoteDir>library\lib\mips</RemoteDir>
                        <Operation>1</Operation>
                    </Platform>
                </DeployClass>
                <DeployClass Name="AndroidLibnativeX86File"/>
                <DeployClass Name="AndroidServiceOutput">
                    <Platform Name="Android">
                        <RemoteDir>library\lib\armeabi-v7a</RemoteDir>
                        <Operation>1</Operation>
                    </Platform>
                </DeployClass>
                <DeployClass Name="AndroidSplashImageDef">
                    <Platform Name="Android">
                        <RemoteDir>res\drawable</RemoteDir>
                        <Operation>1</Operation>
                    </Platform>
                </DeployClass>
                <DeployClass Name="AndroidSplashStyles">
                    <Platform Name="Android">
                        <RemoteDir>res\values</RemoteDir>
                        <Operation>1</Operation>
                    </Platform>
                </DeployClass>
                <DeployClass Name="Android_DefaultAppIcon">
                    <Platform Name="Android">
                        <RemoteDir>res\drawable</RemoteDir>
                        <Operation>1</Operation>
                    </Platform>
                </DeployClass>
                <DeployClass Name="Android_LauncherIcon144">
                    <Platform Name="Android">
                        <RemoteDir>res\drawable-xxhdpi</RemoteDir>
                        <Operation>1</Operation>
                    </Platform>
                </DeployClass>
                <DeployClass Name="Android_LauncherIcon36">
                    <Platform Name="Android">
                        <RemoteDir>res\drawable-ldpi</RemoteDir>
                        <Operation>1</Operation>
                    </Platform>
                </DeployClass>
                <DeployClass Name="Android_LauncherIcon48">
                    <Platform Name="Android">
                        <RemoteDir>res\drawable-mdpi</RemoteDir>
                        <Operation>1</Operation>
                    </Platform>
                </DeployClass>
                <DeployClass Name="Android_LauncherIcon72">
                    <Platform Name="Android">
                        <RemoteDir>res\drawable-hdpi</RemoteDir>
                        <Operation>1</Operation>
                    </Platform>
                </DeployClass>
                <DeployClass Name="Android_LauncherIcon96">
                    <Platform Name="Android">
                        <RemoteDir>res\drawable-xhdpi</RemoteDir>
                        <Operation>1</Operation>
                    </Platform>
                </DeployClass>
                <DeployClass Name="Android_SplashImage426">
                    <Platform Name="Android">
                        <RemoteDir>res\drawable-small</RemoteDir>
                        <Operation>1</Operation>
                    </Platform>
                </DeployClass>
                <DeployClass Name="Android_SplashImage470">
                    <Platform Name="Android">
                        <RemoteDir>res\drawable-normal</RemoteDir>
                        <Operation>1</Operation>
                    </Platform>
                </DeployClass>
                <DeployClass Name="Android_SplashImage640">
                    <Platform Name="Android">
                        <RemoteDir>res\drawable-large</RemoteDir>
                        <Operation>1</Operation>
                    </Platform>
                </DeployClass>
                <DeployClass Name="Android_SplashImage960">
                    <Platform Name="Android">
                        <RemoteDir>res\drawable-xlarge</RemoteDir>
                        <Operation>1</Operation>
                    </Platform>
                </DeployClass>
                <DeployClass Name="DebugSymbols">
                    <Platform Name="iOSSimulator">
                        <Operation>1</Operation>
                    </Platform>
                    <Platform Name="OSX32">
                        <Operation>1</Operation>
                    </Platform>
                    <Platform Name="Win32">
                        <Operation>0</Operation>
                    </Platform>
                </DeployClass>
                <DeployClass Name="DependencyFramework">
                    <Platform Name="OSX32">
                        <Operation>1</Operation>
                        <Extensions>.framework</Extensions>
                    </Platform>
                    <Platform Name="Win32">
                        <Operation>0</Operation>
                    </Platform>
                </DeployClass>
                <DeployClass Name="DependencyModule">
                    <Platform Name="OSX32">
                        <Operation>1</Operation>
                        <Extensions>.dylib</Extensions>
                    </Platform>
                    <Platform Name="Win32">
                        <Operation>0</Operation>
                        <Extensions>.dll;.bpl</Extensions>
                    </Platform>
                </DeployClass>
                <DeployClass Required="true" Name="DependencyPackage">
                    <Platform Name="iOSDevice32">
                        <Operation>1</Operation>
                        <Extensions>.dylib</Extensions>
                    </Platform>
                    <Platform Name="iOSDevice64">
                        <Operation>1</Operation>
                        <Extensions>.dylib</Extensions>
                    </Platform>
                    <Platform Name="iOSSimulator">
                        <Operation>1</Operation>
                        <Extensions>.dylib</Extensions>
                    </Platform>
                    <Platform Name="OSX32">
                        <Operation>1</Operation>
                        <Extensions>.dylib</Extensions>
                    </Platform>
                    <Platform Name="Win32">
                        <Operation>0</Operation>
                        <Extensions>.bpl</Extensions>
                    </Platform>
                </DeployClass>
                <DeployClass Name="File">
                    <Platform Name="Android">
                        <Operation>0</Operation>
                    </Platform>
                    <Platform Name="iOSDevice32">
                        <Operation>0</Operation>
                    </Platform>
                    <Platform Name="iOSDevice64">
                        <Operation>0</Operation>
                    </Platform>
                    <Platform Name="iOSSimulator">
                        <Operation>0</Operation>
                    </Platform>
                    <Platform Name="OSX32">
                        <Operation>0</Operation>
                    </Platform>
                    <Platform Name="Win32">
                        <Operation>0</Operation>
                    </Platform>
                </DeployClass>
                <DeployClass Name="iPad_Launch1024">
                    <Platform Name="iOSDevice32">
                        <Operation>1</Operation>
                    </Platform>
                    <Platform Name="iOSDevice64">
                        <Operation>1</Operation>
                    </Platform>
                    <Platform Name="iOSSimulator">
                        <Operation>1</Operation>
                    </Platform>
                </DeployClass>
                <DeployClass Name="iPad_Launch1536">
                    <Platform Name="iOSDevice32">
                        <Operation>1</Operation>
                    </Platform>
                    <Platform Name="iOSDevice64">
                        <Operation>1</Operation>
                    </Platform>
                    <Platform Name="iOSSimulator">
                        <Operation>1</Operation>
                    </Platform>
                </DeployClass>
                <DeployClass Name="iPad_Launch2048">
                    <Platform Name="iOSDevice32">
                        <Operation>1</Operation>
                    </Platform>
                    <Platform Name="iOSDevice64">
                        <Operation>1</Operation>
                    </Platform>
                    <Platform Name="iOSSimulator">
                        <Operation>1</Operation>
                    </Platform>
                </DeployClass>
                <DeployClass Name="iPad_Launch768">
                    <Platform Name="iOSDevice32">
                        <Operation>1</Operation>
                    </Platform>
                    <Platform Name="iOSDevice64">
                        <Operation>1</Operation>
                    </Platform>
                    <Platform Name="iOSSimulator">
                        <Operation>1</Operation>
                    </Platform>
                </DeployClass>
                <DeployClass Name="iPhone_Launch320">
                    <Platform Name="iOSDevice32">
                        <Operation>1</Operation>
                    </Platform>
                    <Platform Name="iOSDevice64">
                        <Operation>1</Operation>
                    </Platform>
                    <Platform Name="iOSSimulator">
                        <Operation>1</Operation>
                    </Platform>
                </DeployClass>
                <DeployClass Name="iPhone_Launch640">
                    <Platform Name="iOSDevice32">
                        <Operation>1</Operation>
                    </Platform>
                    <Platform Name="iOSDevice64">
                        <Operation>1</Operation>
                    </Platform>
                    <Platform Name="iOSSimulator">
                        <Operation>1</Operation>
                    </Platform>
                </DeployClass>
                <DeployClass Name="iPhone_Launch640x1136">
                    <Platform Name="iOSDevice32">
                        <Operation>1</Operation>
                    </Platform>
                    <Platform Name="iOSDevice64">
                        <Operation>1</Operation>
                    </Platform>
                    <Platform Name="iOSSimulator">
                        <Operation>1</Operation>
                    </Platform>
                </DeployClass>
                <DeployClass Name="ProjectAndroidManifest">
                    <Platform Name="Android">
                        <Operation>1</Operation>
                    </Platform>
                </DeployClass>
                <DeployClass Name="ProjectiOSDeviceDebug">
                    <Platform Name="iOSDevice32">
                        <RemoteDir>..\$(PROJECTNAME).app.dSYM\Contents\Resources\DWARF</RemoteDir>
                        <Operation>1</Operation>
                    </Platform>
                    <Platform Name="iOSDevice64">
                        <RemoteDir>..\$(PROJECTNAME).app.dSYM\Contents\Resources\DWARF</RemoteDir>
                        <Operation>1</Operation>
                    </Platform>
                </DeployClass>
                <DeployClass Name="ProjectiOSDeviceInfoPList"/>
                <DeployClass Name="ProjectiOSDeviceResourceRules"/>
                <DeployClass Name="ProjectiOSEntitlements"/>
                <DeployClass Name="ProjectiOSInfoPList"/>
                <DeployClass Name="ProjectiOSResource">
                    <Platform Name="iOSDevice32">
                        <Operation>1</Operation>
                    </Platform>
                    <Platform Name="iOSDevice64">
                        <Operation>1</Operation>
                    </Platform>
                    <Platform Name="iOSSimulator">
                        <Operation>1</Operation>
                    </Platform>
                </DeployClass>
                <DeployClass Name="ProjectiOSSimulatorInfoPList"/>
                <DeployClass Name="ProjectOSXEntitlements"/>
                <DeployClass Name="ProjectOSXInfoPList"/>
                <DeployClass Name="ProjectOSXResource">
                    <Platform Name="OSX32">
                        <RemoteDir>Contents\Resources</RemoteDir>
                        <Operation>1</Operation>
                    </Platform>
                </DeployClass>
                <DeployClass Required="true" Name="ProjectOutput">
                    <Platform Name="Android">
                        <RemoteDir>library\lib\armeabi-v7a</RemoteDir>
                        <Operation>1</Operation>
                    </Platform>
                    <Platform Name="iOSDevice32">
                        <Operation>1</Operation>
                    </Platform>
                    <Platform Name="iOSDevice64">
                        <Operation>1</Operation>
                    </Platform>
                    <Platform Name="iOSSimulator">
                        <Operation>1</Operation>
                    </Platform>
                    <Platform Name="Linux64">
                        <Operation>1</Operation>
                    </Platform>
                    <Platform Name="OSX32">
                        <Operation>1</Operation>
                    </Platform>
                    <Platform Name="Win32">
                        <Operation>0</Operation>
                    </Platform>
                </DeployClass>
                <DeployClass Name="ProjectUWPManifest">
                    <Platform Name="Win32">
                        <Operation>1</Operation>
                    </Platform>
                    <Platform Name="Win64">
                        <Operation>1</Operation>
                    </Platform>
                </DeployClass>
                <DeployClass Name="UWP_DelphiLogo150">
                    <Platform Name="Win32">
                        <RemoteDir>Assets</RemoteDir>
                        <Operation>1</Operation>
                    </Platform>
                    <Platform Name="Win64">
                        <RemoteDir>Assets</RemoteDir>
                        <Operation>1</Operation>
                    </Platform>
                </DeployClass>
                <DeployClass Name="UWP_DelphiLogo44">
                    <Platform Name="Win32">
                        <RemoteDir>Assets</RemoteDir>
                        <Operation>1</Operation>
                    </Platform>
                    <Platform Name="Win64">
                        <RemoteDir>Assets</RemoteDir>
                        <Operation>1</Operation>
                    </Platform>
                </DeployClass>
                <ProjectRoot Platform="Win64" Name="$(PROJECTNAME)"/>
                <ProjectRoot Platform="iOSDevice64" Name="$(PROJECTNAME).app"/>
                <ProjectRoot Platform="iOSDevice32" Name="$(PROJECTNAME).app"/>
                <ProjectRoot Platform="Win32" Name="$(PROJECTNAME)"/>
                <ProjectRoot Platform="Linux64" Name="$(PROJECTNAME)"/>
                <ProjectRoot Platform="OSX32" Name="$(PROJECTNAME)"/>
                <ProjectRoot Platform="Android" Name="$(PROJECTNAME)"/>
                <ProjectRoot Platform="iOSSimulator" Name="$(PROJECTNAME).app"/>
            </Deployment>
            <Platforms>
                <Platform value="Win32">True</Platform>
                <Platform value="Win64">True</Platform>
            </Platforms>
        </BorlandProject>
        <ProjectFileVersion>12</ProjectFileVersion>
    </ProjectExtensions>
    <Import Project="$(BDS)\Bin\CodeGear.Delphi.Targets" Condition="Exists('$(BDS)\Bin\CodeGear.Delphi.Targets')"/>
    <Import Project="$(APPDATA)\Embarcadero\$(BDSAPPDATABASEDIR)\$(PRODUCTVERSION)\UserTools.proj" Condition="Exists('$(APPDATA)\Embarcadero\$(BDSAPPDATABASEDIR)\$(PRODUCTVERSION)\UserTools.proj')"/>
    <Import Project="$(MSBuildProjectName).deployproj" Condition="Exists('$(MSBuildProjectName).deployproj')"/>
</Project>
